// !$*UTF8*$!
{
	archiveVersion = 1;
	classes = {
	};
	objectVersion = 46;
	objects = {

/* Begin PBXBuildFile section */
		2C1189CC1ABA2C16006E49F8 /* AppDelegate.swift in Sources */ = {isa = PBXBuildFile; fileRef = 2C1189CB1ABA2C16006E49F8 /* AppDelegate.swift */; };
		2C1189CE1ABA2C16006E49F8 /* ViewController.swift in Sources */ = {isa = PBXBuildFile; fileRef = 2C1189CD1ABA2C16006E49F8 /* ViewController.swift */; };
		2C1189D11ABA2C16006E49F8 /* Main.storyboard in Resources */ = {isa = PBXBuildFile; fileRef = 2C1189CF1ABA2C16006E49F8 /* Main.storyboard */; };
		2C1189D31ABA2C16006E49F8 /* Images.xcassets in Resources */ = {isa = PBXBuildFile; fileRef = 2C1189D21ABA2C16006E49F8 /* Images.xcassets */; };
		2C1189D61ABA2C16006E49F8 /* LaunchScreen.xib in Resources */ = {isa = PBXBuildFile; fileRef = 2C1189D41ABA2C16006E49F8 /* LaunchScreen.xib */; };
		2C1189E21ABA2C16006E49F8 /* TransitionTests.swift in Sources */ = {isa = PBXBuildFile; fileRef = 2C1189E11ABA2C16006E49F8 /* TransitionTests.swift */; };
/* End PBXBuildFile section */

/* Begin PBXContainerItemProxy section */
		2C1189DC1ABA2C16006E49F8 /* PBXContainerItemProxy */ = {
			isa = PBXContainerItemProxy;
			containerPortal = 2C1189BE1ABA2C16006E49F8 /* Project object */;
			proxyType = 1;
			remoteGlobalIDString = 2C1189C51ABA2C16006E49F8;
			remoteInfo = Transition;
		};
/* End PBXContainerItemProxy section */

/* Begin PBXFileReference section */
		2C1189C61ABA2C16006E49F8 /* Transition.app */ = {isa = PBXFileReference; explicitFileType = wrapper.application; includeInIndex = 0; path = Transition.app; sourceTree = BUILT_PRODUCTS_DIR; };
		2C1189CA1ABA2C16006E49F8 /* Info.plist */ = {isa = PBXFileReference; lastKnownFileType = text.plist.xml; path = Info.plist; sourceTree = "<group>"; };
		2C1189CB1ABA2C16006E49F8 /* AppDelegate.swift */ = {isa = PBXFileReference; lastKnownFileType = sourcecode.swift; path = AppDelegate.swift; sourceTree = "<group>"; };
		2C1189CD1ABA2C16006E49F8 /* ViewController.swift */ = {isa = PBXFileReference; lastKnownFileType = sourcecode.swift; path = ViewController.swift; sourceTree = "<group>"; };
		2C1189D01ABA2C16006E49F8 /* Base */ = {isa = PBXFileReference; lastKnownFileType = file.storyboard; name = Base; path = Base.lproj/Main.storyboard; sourceTree = "<group>"; };
		2C1189D21ABA2C16006E49F8 /* Images.xcassets */ = {isa = PBXFileReference; lastKnownFileType = folder.assetcatalog; path = Images.xcassets; sourceTree = "<group>"; };
		2C1189D51ABA2C16006E49F8 /* Base */ = {isa = PBXFileReference; lastKnownFileType = file.xib; name = Base; path = Base.lproj/LaunchScreen.xib; sourceTree = "<group>"; };
		2C1189DB1ABA2C16006E49F8 /* TransitionTests.xctest */ = {isa = PBXFileReference; explicitFileType = wrapper.cfbundle; includeInIndex = 0; path = TransitionTests.xctest; sourceTree = BUILT_PRODUCTS_DIR; };
		2C1189E01ABA2C16006E49F8 /* Info.plist */ = {isa = PBXFileReference; lastKnownFileType = text.plist.xml; path = Info.plist; sourceTree = "<group>"; };
		2C1189E11ABA2C16006E49F8 /* TransitionTests.swift */ = {isa = PBXFileReference; lastKnownFileType = sourcecode.swift; path = TransitionTests.swift; sourceTree = "<group>"; };
/* End PBXFileReference section */

/* Begin PBXFrameworksBuildPhase section */
		2C1189C31ABA2C16006E49F8 /* Frameworks */ = {
			isa = PBXFrameworksBuildPhase;
			buildActionMask = 2147483647;
			files = (
			);
			runOnlyForDeploymentPostprocessing = 0;
		};
		2C1189D81ABA2C16006E49F8 /* Frameworks */ = {
			isa = PBXFrameworksBuildPhase;
			buildActionMask = 2147483647;
			files = (
			);
			runOnlyForDeploymentPostprocessing = 0;
		};
/* End PBXFrameworksBuildPhase section */

/* Begin PBXGroup section */
		2C1189BD1ABA2C16006E49F8 = {
			isa = PBXGroup;
			children = (
				2C1189C81ABA2C16006E49F8 /* Transition */,
				2C1189DE1ABA2C16006E49F8 /* TransitionTests */,
				2C1189C71ABA2C16006E49F8 /* Products */,
			);
			sourceTree = "<group>";
		};
		2C1189C71ABA2C16006E49F8 /* Products */ = {
			isa = PBXGroup;
			children = (
				2C1189C61ABA2C16006E49F8 /* Transition.app */,
				2C1189DB1ABA2C16006E49F8 /* TransitionTests.xctest */,
			);
			name = Products;
			sourceTree = "<group>";
		};
		2C1189C81ABA2C16006E49F8 /* Transition */ = {
			isa = PBXGroup;
			children = (
				2C1189CB1ABA2C16006E49F8 /* AppDelegate.swift */,
				2C1189CD1ABA2C16006E49F8 /* ViewController.swift */,
				2C1189CF1ABA2C16006E49F8 /* Main.storyboard */,
				2C1189D21ABA2C16006E49F8 /* Images.xcassets */,
				2C1189D41ABA2C16006E49F8 /* LaunchScreen.xib */,
				2C1189C91ABA2C16006E49F8 /* Supporting Files */,
			);
			path = Transition;
			sourceTree = "<group>";
		};
		2C1189C91ABA2C16006E49F8 /* Supporting Files */ = {
			isa = PBXGroup;
			children = (
				2C1189CA1ABA2C16006E49F8 /* Info.plist */,
			);
			name = "Supporting Files";
			sourceTree = "<group>";
		};
		2C1189DE1ABA2C16006E49F8 /* TransitionTests */ = {
			isa = PBXGroup;
			children = (
				2C1189E11ABA2C16006E49F8 /* TransitionTests.swift */,
				2C1189DF1ABA2C16006E49F8 /* Supporting Files */,
			);
			path = TransitionTests;
			sourceTree = "<group>";
		};
		2C1189DF1ABA2C16006E49F8 /* Supporting Files */ = {
			isa = PBXGroup;
			children = (
				2C1189E01ABA2C16006E49F8 /* Info.plist */,
			);
			name = "Supporting Files";
			sourceTree = "<group>";
		};
/* End PBXGroup section */

/* Begin PBXNativeTarget section */
		2C1189C51ABA2C16006E49F8 /* Transition */ = {
			isa = PBXNativeTarget;
			buildConfigurationList = 2C1189E51ABA2C16006E49F8 /* Build configuration list for PBXNativeTarget "Transition" */;
			buildPhases = (
				2C1189C21ABA2C16006E49F8 /* Sources */,
				2C1189C31ABA2C16006E49F8 /* Frameworks */,
				2C1189C41ABA2C16006E49F8 /* Resources */,
			);
			buildRules = (
			);
			dependencies = (
			);
			name = Transition;
			productName = Transition;
			productReference = 2C1189C61ABA2C16006E49F8 /* Transition.app */;
			productType = "com.apple.product-type.application";
		};
		2C1189DA1ABA2C16006E49F8 /* TransitionTests */ = {
			isa = PBXNativeTarget;
			buildConfigurationList = 2C1189E81ABA2C16006E49F8 /* Build configuration list for PBXNativeTarget "TransitionTests" */;
			buildPhases = (
				2C1189D71ABA2C16006E49F8 /* Sources */,
				2C1189D81ABA2C16006E49F8 /* Frameworks */,
				2C1189D91ABA2C16006E49F8 /* Resources */,
			);
			buildRules = (
			);
			dependencies = (
				2C1189DD1ABA2C16006E49F8 /* PBXTargetDependency */,
			);
			name = TransitionTests;
			productName = TransitionTests;
			productReference = 2C1189DB1ABA2C16006E49F8 /* TransitionTests.xctest */;
			productType = "com.apple.product-type.bundle.unit-test";
		};
/* End PBXNativeTarget section */

/* Begin PBXProject section */
		2C1189BE1ABA2C16006E49F8 /* Project object */ = {
			isa = PBXProject;
			attributes = {
				LastSwiftMigration = 0700;
				LastSwiftUpdateCheck = 0700;
				LastUpgradeCheck = 0700;
				ORGANIZATIONNAME = wannabewize;
				TargetAttributes = {
					2C1189C51ABA2C16006E49F8 = {
						CreatedOnToolsVersion = 6.2;
					};
					2C1189DA1ABA2C16006E49F8 = {
						CreatedOnToolsVersion = 6.2;
						TestTargetID = 2C1189C51ABA2C16006E49F8;
					};
				};
			};
			buildConfigurationList = 2C1189C11ABA2C16006E49F8 /* Build configuration list for PBXProject "Transition" */;
			compatibilityVersion = "Xcode 3.2";
			developmentRegion = English;
			hasScannedForEncodings = 0;
			knownRegions = (
				en,
				Base,
			);
			mainGroup = 2C1189BD1ABA2C16006E49F8;
			productRefGroup = 2C1189C71ABA2C16006E49F8 /* Products */;
			projectDirPath = "";
			projectRoot = "";
			targets = (
				2C1189C51ABA2C16006E49F8 /* Transition */,
				2C1189DA1ABA2C16006E49F8 /* TransitionTests */,
			);
		};
/* End PBXProject section */

/* Begin PBXResourcesBuildPhase section */
		2C1189C41ABA2C16006E49F8 /* Resources */ = {
			isa = PBXResourcesBuildPhase;
			buildActionMask = 2147483647;
			files = (
				2C1189D11ABA2C16006E49F8 /* Main.storyboard in Resources */,
				2C1189D61ABA2C16006E49F8 /* LaunchScreen.xib in Resources */,
				2C1189D31ABA2C16006E49F8 /* Images.xcassets in Resources */,
			);
			runOnlyForDeploymentPostprocessing = 0;
		};
		2C1189D91ABA2C16006E49F8 /* Resources */ = {
			isa = PBXResourcesBuildPhase;
			buildActionMask = 2147483647;
			files = (
			);
			runOnlyForDeploymentPostprocessing = 0;
		};
/* End PBXResourcesBuildPhase section */

/* Begin PBXSourcesBuildPhase section */
		2C1189C21ABA2C16006E49F8 /* Sources */ = {
			isa = PBXSourcesBuildPhase;
			buildActionMask = 2147483647;
			files = (
				2C1189CE1ABA2C16006E49F8 /* ViewController.swift in Sources */,
				2C1189CC1ABA2C16006E49F8 /* AppDelegate.swift in Sources */,
			);
			runOnlyForDeploymentPostprocessing = 0;
		};
		2C1189D71ABA2C16006E49F8 /* Sources */ = {
			isa = PBXSourcesBuildPhase;
			buildActionMask = 2147483647;
			files = (
				2C1189E21ABA2C16006E49F8 /* TransitionTests.swift in Sources */,
			);
			runOnlyForDeploymentPostprocessing = 0;
		};
/* End PBXSourcesBuildPhase section */

/* Begin PBXTargetDependency section */
		2C1189DD1ABA2C16006E49F8 /* PBXTargetDependency */ = {
			isa = PBXTargetDependency;
			target = 2C1189C51ABA2C16006E49F8 /* Transition */;
			targetProxy = 2C1189DC1ABA2C16006E49F8 /* PBXContainerItemProxy */;
		};
/* End PBXTargetDependency section */

/* Begin PBXVariantGroup section */
		2C1189CF1ABA2C16006E49F8 /* Main.storyboard */ = {
			isa = PBXVariantGroup;
			children = (
				2C1189D01ABA2C16006E49F8 /* Base */,
			);
			name = Main.storyboard;
			sourceTree = "<group>";
		};
		2C1189D41ABA2C16006E49F8 /* LaunchScreen.xib */ = {
			isa = PBXVariantGroup;
			children = (
				2C1189D51ABA2C16006E49F8 /* Base */,
			);
			name = LaunchScreen.xib;
			sourceTree = "<group>";
		};
/* End PBXVariantGroup section */

/* Begin XCBuildConfiguration section */
		2C1189E31ABA2C16006E49F8 /* Debug */ = {
			isa = XCBuildConfiguration;
			buildSettings = {
				ALWAYS_SEARCH_USER_PATHS = NO;
				CLANG_CXX_LANGUAGE_STANDARD = "gnu++0x";
				CLANG_CXX_LIBRARY = "libc++";
				CLANG_ENABLE_MODULES = YES;
				CLANG_ENABLE_OBJC_ARC = YES;
				CLANG_WARN_BOOL_CONVERSION = YES;
				CLANG_WARN_CONSTANT_CONVERSION = YES;
				CLANG_WARN_DIRECT_OBJC_ISA_USAGE = YES_ERROR;
				CLANG_WARN_EMPTY_BODY = YES;
				CLANG_WARN_ENUM_CONVERSION = YES;
				CLANG_WARN_INT_CONVERSION = YES;
				CLANG_WARN_OBJC_ROOT_CLASS = YES_ERROR;
				CLANG_WARN_UNREACHABLE_CODE = YES;
				CLANG_WARN__DUPLICATE_METHOD_MATCH = YES;
				"CODE_SIGN_IDENTITY[sdk=iphoneos*]" = "iPhone Developer";
				COPY_PHASE_STRIP = NO;
				ENABLE_STRICT_OBJC_MSGSEND = YES;
				ENABLE_TESTABILITY = YES;
				GCC_C_LANGUAGE_STANDARD = gnu99;
				GCC_DYNAMIC_NO_PIC = NO;
				GCC_OPTIMIZATION_LEVEL = 0;
				GCC_PREPROCESSOR_DEFINITIONS = (
					"DEBUG=1",
					"$(inherited)",
				);
				GCC_SYMBOLS_PRIVATE_EXTERN = NO;
				GCC_WARN_64_TO_32_BIT_CONVERSION = YES;
				GCC_WARN_ABOUT_RETURN_TYPE = YES_ERROR;
				GCC_WARN_UNDECLARED_SELECTOR = YES;
				GCC_WARN_UNINITIALIZED_AUTOS = YES_AGGRESSIVE;
				GCC_WARN_UNUSED_FUNCTION = YES;
				GCC_WARN_UNUSED_VARIABLE = YES;
				IPHONEOS_DEPLOYMENT_TARGET = 8.2;
				MTL_ENABLE_DEBUG_INFO = YES;
				ONLY_ACTIVE_ARCH = YES;
				SDKROOT = iphoneos;
				SWIFT_OPTIMIZATION_LEVEL = "-Onone";
			};
			name = Debug;
		};
		2C1189E41ABA2C16006E49F8 /* Release */ = {
			isa = XCBuildConfiguration;
			buildSettings = {
				ALWAYS_SEARCH_USER_PATHS = NO;
				CLANG_CXX_LANGUAGE_STANDARD = "gnu++0x";
				CLANG_CXX_LIBRARY = "libc++";
				CLANG_ENABLE_MODULES = YES;
				CLANG_ENABLE_OBJC_ARC = YES;
				CLANG_WARN_BOOL_CONVERSION = YES;
				CLANG_WARN_CONSTANT_CONVERSION = YES;
				CLANG_WARN_DIRECT_OBJC_ISA_USAGE = YES_ERROR;
				CLANG_WARN_EMPTY_BODY = YES;
				CLANG_WARN_ENUM_CONVERSION = YES;
				CLANG_WARN_INT_CONVERSION = YES;
				CLANG_WARN_OBJC_ROOT_CLASS = YES_ERROR;
				CLANG_WARN_UNREACHABLE_CODE = YES;
				CLANG_WARN__DUPLICATE_METHOD_MATCH = YES;
				"CODE_SIGN_IDENTITY[sdk=iphoneos*]" = "iPhone Developer";
				COPY_PHASE_STRIP = NO;
				ENABLE_NS_ASSERTIONS = NO;
				ENABLE_STRICT_OBJC_MSGSEND = YES;
				GCC_C_LANGUAGE_STANDARD = gnu99;
				GCC_WARN_64_TO_32_BIT_CONVERSION = YES;
				GCC_WARN_ABOUT_RETURN_TYPE = YES_ERROR;
				GCC_WARN_UNDECLARED_SELECTOR = YES;
				GCC_WARN_UNINITIALIZED_AUTOS = YES_AGGRESSIVE;
				GCC_WARN_UNUSED_FUNCTION = YES;
				GCC_WARN_UNUSED_VARIABLE = YES;
				IPHONEOS_DEPLOYMENT_TARGET = 8.2;
				MTL_ENABLE_DEBUG_INFO = NO;
				SDKROOT = iphoneos;
				VALIDATE_PRODUCT = YES;
			};
			name = Release;
		};
		2C1189E61ABA2C16006E49F8 /* Debug */ = {
			isa = XCBuildConfiguration;
			buildSettings = {
				ASSETCATALOG_COMPILER_APPICON_NAME = AppIcon;
				INFOPLIST_FILE = Transition/Info.plist;
				LD_RUNPATH_SEARCH_PATHS = "$(inherited) @executable_path/Frameworks";
				PRODUCT_BUNDLE_IDENTIFIER = "com.vanillastepdev.ios8.$(PRODUCT_NAME:rfc1034identifier)";
				PRODUCT_NAME = "$(TARGET_NAME)";
			};
			name = Debug;
		};
		2C1189E71ABA2C16006E49F8 /* Release */ = {
			isa = XCBuildConfiguration;
			buildSettings = {
				ASSETCATALOG_COMPILER_APPICON_NAME = AppIcon;
				INFOPLIST_FILE = Transition/Info.plist;
				LD_RUNPATH_SEARCH_PATHS = "$(inherited) @executable_path/Frameworks";
				PRODUCT_BUNDLE_IDENTIFIER = "com.vanillastepdev.ios8.$(PRODUCT_NAME:rfc1034identifier)";
				PRODUCT_NAME = "$(TARGET_NAME)";
			};
			name = Release;
		};
		2C1189E91ABA2C16006E49F8 /* Debug */ = {
			isa = XCBuildConfiguration;
			buildSettings = {
				BUNDLE_LOADER = "$(TEST_HOST)";
				FRAMEWORK_SEARCH_PATHS = (
					"$(SDKROOT)/Developer/Library/Frameworks",
					"$(inherited)",
				);
				GCC_PREPROCESSOR_DEFINITIONS = (
					"DEBUG=1",
					"$(inherited)",
				);
				INFOPLIST_FILE = TransitionTests/Info.plist;
				LD_RUNPATH_SEARCH_PATHS = "$(inherited) @executable_path/Frameworks @loader_path/Frameworks";
				PRODUCT_BUNDLE_IDENTIFIER = "com.vanillastepdev.ios8.$(PRODUCT_NAME:rfc1034identifier)";
				PRODUCT_NAME = "$(TARGET_NAME)";
				TEST_HOST = "$(BUILT_PRODUCTS_DIR)/Transition.app/Transition";
			};
			name = Debug;
		};
		2C1189EA1ABA2C16006E49F8 /* Release */ = {
			isa = XCBuildConfiguration;
			buildSettings = {
				BUNDLE_LOADER = "$(TEST_HOST)";
				FRAMEWORK_SEARCH_PATHS = (
					"$(SDKROOT)/Developer/Library/Frameworks",
					"$(inherited)",
				);
				INFOPLIST_FILE = TransitionTests/Info.plist;
				LD_RUNPATH_SEARCH_PATHS = "$(inherited) @executable_path/Frameworks @loader_path/Frameworks";
				PRODUCT_BUNDLE_IDENTIFIER = "com.vanillastepdev.ios8.$(PRODUCT_NAME:rfc1034identifier)";
				PRODUCT_NAME = "$(TARGET_NAME)";
				TEST_HOST = "$(BUILT_PRODUCTS_DIR)/Transition.app/Transition";
			};
			name = Release;
		};
/* End XCBuildConfiguration section */

/* Begin XCConfigurationList section */
		2C1189C11ABA2C16006E49F8 /* Build configuration list for PBXProject "Transition" */ = {
			isa = XCConfigurationList;
			buildConfigurations = (
				2C1189E31ABA2C16006E49F8 /* Debug */,
				2C1189E41ABA2C16006E49F8 /* Release */,
			);
			defaultConfigurationIsVisible = 0;
			defaultConfigurationName = Release;
		};
		2C1189E51ABA2C16006E49F8 /* Build configuration list for PBXNativeTarget "Transition" */ = {
			isa = XCConfigurationList;
			buildConfigurations = (
				2C1189E61ABA2C16006E49F8 /* Debug */,
				2C1189E71ABA2C16006E49F8 /* Release */,
			);
			defaultConfigurationIsVisible = 0;
			defaultConfigurationName = Release;
		};
		2C1189E81ABA2C16006E49F8 /* Build configuration list for PBXNativeTarget "TransitionTests" */ = {
			isa = XCConfigurationList;
			buildConfigurations = (
				2C1189E91ABA2C16006E49F8 /* Debug */,
				2C1189EA1ABA2C16006E49F8 /* Release */,
			);
			defaultConfigurationIsVisible = 0;
			defaultConfigurationName = Release;
		};
/* End XCConfigurationList section */
	};
	rootObject = 2C1189BE1ABA2C16006E49F8 /* Project object */;
}
