// !$*UTF8*$!
{
	archiveVersion = 1;
	classes = {
	};
	objectVersion = 46;
	objects = {

/* Begin PBXBuildFile section */
		2C31B9C71D94D5100072F129 /* AppDelegate.swift in Sources */ = {isa = PBXBuildFile; fileRef = 2C31B9C61D94D5100072F129 /* AppDelegate.swift */; };
		2C31B9C91D94D5100072F129 /* ViewController.swift in Sources */ = {isa = PBXBuildFile; fileRef = 2C31B9C81D94D5100072F129 /* ViewController.swift */; };
		2C31B9CC1D94D5100072F129 /* Main.storyboard in Resources */ = {isa = PBXBuildFile; fileRef = 2C31B9CA1D94D5100072F129 /* Main.storyboard */; };
		2C31B9CE1D94D5100072F129 /* Assets.xcassets in Resources */ = {isa = PBXBuildFile; fileRef = 2C31B9CD1D94D5100072F129 /* Assets.xcassets */; };
		2C31B9D11D94D5100072F129 /* LaunchScreen.storyboard in Resources */ = {isa = PBXBuildFile; fileRef = 2C31B9CF1D94D5100072F129 /* LaunchScreen.storyboard */; };
/* End PBXBuildFile section */

/* Begin PBXFileReference section */
		2C31B9C31D94D5100072F129 /* ViewAnimationWithAutLayout.app */ = {isa = PBXFileReference; explicitFileType = wrapper.application; includeInIndex = 0; path = ViewAnimationWithAutLayout.app; sourceTree = BUILT_PRODUCTS_DIR; };
		2C31B9C61D94D5100072F129 /* AppDelegate.swift */ = {isa = PBXFileReference; lastKnownFileType = sourcecode.swift; path = AppDelegate.swift; sourceTree = "<group>"; };
		2C31B9C81D94D5100072F129 /* ViewController.swift */ = {isa = PBXFileReference; lastKnownFileType = sourcecode.swift; path = ViewController.swift; sourceTree = "<group>"; };
		2C31B9CB1D94D5100072F129 /* Base */ = {isa = PBXFileReference; lastKnownFileType = file.storyboard; name = Base; path = Base.lproj/Main.storyboard; sourceTree = "<group>"; };
		2C31B9CD1D94D5100072F129 /* Assets.xcassets */ = {isa = PBXFileReference; lastKnownFileType = folder.assetcatalog; path = Assets.xcassets; sourceTree = "<group>"; };
		2C31B9D01D94D5100072F129 /* Base */ = {isa = PBXFileReference; lastKnownFileType = file.storyboard; name = Base; path = Base.lproj/LaunchScreen.storyboard; sourceTree = "<group>"; };
		2C31B9D21D94D5100072F129 /* Info.plist */ = {isa = PBXFileReference; lastKnownFileType = text.plist.xml; path = Info.plist; sourceTree = "<group>"; };
/* End PBXFileReference section */

/* Begin PBXFrameworksBuildPhase section */
		2C31B9C01D94D5100072F129 /* Frameworks */ = {
			isa = PBXFrameworksBuildPhase;
			buildActionMask = 2147483647;
			files = (
			);
			runOnlyForDeploymentPostprocessing = 0;
		};
/* End PBXFrameworksBuildPhase section */

/* Begin PBXGroup section */
		2C31B9BA1D94D5100072F129 = {
			isa = PBXGroup;
			children = (
				2C31B9C51D94D5100072F129 /* ViewAnimationWithAutLayout */,
				2C31B9C41D94D5100072F129 /* Products */,
			);
			sourceTree = "<group>";
		};
		2C31B9C41D94D5100072F129 /* Products */ = {
			isa = PBXGroup;
			children = (
				2C31B9C31D94D5100072F129 /* ViewAnimationWithAutLayout.app */,
			);
			name = Products;
			sourceTree = "<group>";
		};
		2C31B9C51D94D5100072F129 /* ViewAnimationWithAutLayout */ = {
			isa = PBXGroup;
			children = (
				2C31B9C61D94D5100072F129 /* AppDelegate.swift */,
				2C31B9C81D94D5100072F129 /* ViewController.swift */,
				2C31B9CA1D94D5100072F129 /* Main.storyboard */,
				2C31B9CD1D94D5100072F129 /* Assets.xcassets */,
				2C31B9CF1D94D5100072F129 /* LaunchScreen.storyboard */,
				2C31B9D21D94D5100072F129 /* Info.plist */,
			);
			path = ViewAnimationWithAutLayout;
			sourceTree = "<group>";
		};
/* End PBXGroup section */

/* Begin PBXNativeTarget section */
		2C31B9C21D94D5100072F129 /* ViewAnimationWithAutLayout */ = {
			isa = PBXNativeTarget;
			buildConfigurationList = 2C31B9D51D94D5100072F129 /* Build configuration list for PBXNativeTarget "ViewAnimationWithAutLayout" */;
			buildPhases = (
				2C31B9BF1D94D5100072F129 /* Sources */,
				2C31B9C01D94D5100072F129 /* Frameworks */,
				2C31B9C11D94D5100072F129 /* Resources */,
			);
			buildRules = (
			);
			dependencies = (
			);
			name = ViewAnimationWithAutLayout;
			productName = ViewAnimationWithAutLayout;
			productReference = 2C31B9C31D94D5100072F129 /* ViewAnimationWithAutLayout.app */;
			productType = "com.apple.product-type.application";
		};
/* End PBXNativeTarget section */

/* Begin PBXProject section */
		2C31B9BB1D94D5100072F129 /* Project object */ = {
			isa = PBXProject;
			attributes = {
				LastSwiftUpdateCheck = 0730;
				LastUpgradeCheck = 0730;
				ORGANIZATIONNAME = "Jaehoon Lee";
				TargetAttributes = {
					2C31B9C21D94D5100072F129 = {
						CreatedOnToolsVersion = 7.3.1;
					};
				};
			};
			buildConfigurationList = 2C31B9BE1D94D5100072F129 /* Build configuration list for PBXProject "ViewAnimationWithAutLayout" */;
			compatibilityVersion = "Xcode 3.2";
			developmentRegion = English;
			hasScannedForEncodings = 0;
			knownRegions = (
				en,
				Base,
			);
			mainGroup = 2C31B9BA1D94D5100072F129;
			productRefGroup = 2C31B9C41D94D5100072F129 /* Products */;
			projectDirPath = "";
			projectRoot = "";
			targets = (
				2C31B9C21D94D5100072F129 /* ViewAnimationWithAutLayout */,
			);
		};
/* End PBXProject section */

/* Begin PBXResourcesBuildPhase section */
		2C31B9C11D94D5100072F129 /* Resources */ = {
			isa = PBXResourcesBuildPhase;
			buildActionMask = 2147483647;
			files = (
				2C31B9D11D94D5100072F129 /* LaunchScreen.storyboard in Resources */,
				2C31B9CE1D94D5100072F129 /* Assets.xcassets in Resources */,
				2C31B9CC1D94D5100072F129 /* Main.storyboard in Resources */,
			);
			runOnlyForDeploymentPostprocessing = 0;
		};
/* End PBXResourcesBuildPhase section */

/* Begin PBXSourcesBuildPhase section */
		2C31B9BF1D94D5100072F129 /* Sources */ = {
			isa = PBXSourcesBuildPhase;
			buildActionMask = 2147483647;
			files = (
				2C31B9C91D94D5100072F129 /* ViewController.swift in Sources */,
				2C31B9C71D94D5100072F129 /* AppDelegate.swift in Sources */,
			);
			runOnlyForDeploymentPostprocessing = 0;
		};
/* End PBXSourcesBuildPhase section */

/* Begin PBXVariantGroup section */
		2C31B9CA1D94D5100072F129 /* Main.storyboard */ = {
			isa = PBXVariantGroup;
			children = (
				2C31B9CB1D94D5100072F129 /* Base */,
			);
			name = Main.storyboard;
			sourceTree = "<group>";
		};
		2C31B9CF1D94D5100072F129 /* LaunchScreen.storyboard */ = {
			isa = PBXVariantGroup;
			children = (
				2C31B9D01D94D5100072F129 /* Base */,
			);
			name = LaunchScreen.storyboard;
			sourceTree = "<group>";
		};
/* End PBXVariantGroup section */

/* Begin XCBuildConfiguration section */
		2C31B9D31D94D5100072F129 /* Debug */ = {
			isa = XCBuildConfiguration;
			buildSettings = {
				ALWAYS_SEARCH_USER_PATHS = NO;
				CLANG_ANALYZER_NONNULL = YES;
				CLANG_CXX_LANGUAGE_STANDARD = "gnu++0x";
				CLANG_CXX_LIBRARY = "libc++";
				CLANG_ENABLE_MODULES = YES;
				CLANG_ENABLE_OBJC_ARC = YES;
				CLANG_WARN_BOOL_CONVERSION = YES;
				CLANG_WARN_CONSTANT_CONVERSION = YES;
				CLANG_WARN_DIRECT_OBJC_ISA_USAGE = YES_ERROR;
				CLANG_WARN_EMPTY_BODY = YES;
				CLANG_WARN_ENUM_CONVERSION = YES;
				CLANG_WARN_INT_CONVERSION = YES;
				CLANG_WARN_OBJC_ROOT_CLASS = YES_ERROR;
				CLANG_WARN_UNREACHABLE_CODE = YES;
				CLANG_WARN__DUPLICATE_METHOD_MATCH = YES;
				"CODE_SIGN_IDENTITY[sdk=iphoneos*]" = "iPhone Developer";
				COPY_PHASE_STRIP = NO;
				DEBUG_INFORMATION_FORMAT = dwarf;
				ENABLE_STRICT_OBJC_MSGSEND = YES;
				ENABLE_TESTABILITY = YES;
				GCC_C_LANGUAGE_STANDARD = gnu99;
				GCC_DYNAMIC_NO_PIC = NO;
				GCC_NO_COMMON_BLOCKS = YES;
				GCC_OPTIMIZATION_LEVEL = 0;
				GCC_PREPROCESSOR_DEFINITIONS = (
					"DEBUG=1",
					"$(inherited)",
				);
				GCC_WARN_64_TO_32_BIT_CONVERSION = YES;
				GCC_WARN_ABOUT_RETURN_TYPE = YES_ERROR;
				GCC_WARN_UNDECLARED_SELECTOR = YES;
				GCC_WARN_UNINITIALIZED_AUTOS = YES_AGGRESSIVE;
				GCC_WARN_UNUSED_FUNCTION = YES;
				GCC_WARN_UNUSED_VARIABLE = YES;
				IPHONEOS_DEPLOYMENT_TARGET = 9.3;
				MTL_ENABLE_DEBUG_INFO = YES;
				ONLY_ACTIVE_ARCH = YES;
				SDKROOT = iphoneos;
				SWIFT_OPTIMIZATION_LEVEL = "-Onone";
				TARGETED_DEVICE_FAMILY = "1,2";
			};
			name = Debug;
		};
		2C31B9D41D94D5100072F129 /* Release */ = {
			isa = XCBuildConfiguration;
			buildSettings = {
				ALWAYS_SEARCH_USER_PATHS = NO;
				CLANG_ANALYZER_NONNULL = YES;
				CLANG_CXX_LANGUAGE_STANDARD = "gnu++0x";
				CLANG_CXX_LIBRARY = "libc++";
				CLANG_ENABLE_MODULES = YES;
				CLANG_ENABLE_OBJC_ARC = YES;
				CLANG_WARN_BOOL_CONVERSION = YES;
				CLANG_WARN_CONSTANT_CONVERSION = YES;
				CLANG_WARN_DIRECT_OBJC_ISA_USAGE = YES_ERROR;
				CLANG_WARN_EMPTY_BODY = YES;
				CLANG_WARN_ENUM_CONVERSION = YES;
				CLANG_WARN_INT_CONVERSION = YES;
				CLANG_WARN_OBJC_ROOT_CLASS = YES_ERROR;
				CLANG_WARN_UNREACHABLE_CODE = YES;
				CLANG_WARN__DUPLICATE_METHOD_MATCH = YES;
				"CODE_SIGN_IDENTITY[sdk=iphoneos*]" = "iPhone Developer";
				COPY_PHASE_STRIP = NO;
				DEBUG_INFORMATION_FORMAT = "dwarf-with-dsym";
				ENABLE_NS_ASSERTIONS = NO;
				ENABLE_STRICT_OBJC_MSGSEND = YES;
				GCC_C_LANGUAGE_STANDARD = gnu99;
				GCC_NO_COMMON_BLOCKS = YES;
				GCC_WARN_64_TO_32_BIT_CONVERSION = YES;
				GCC_WARN_ABOUT_RETURN_TYPE = YES_ERROR;
				GCC_WARN_UNDECLARED_SELECTOR = YES;
				GCC_WARN_UNINITIALIZED_AUTOS = YES_AGGRESSIVE;
				GCC_WARN_UNUSED_FUNCTION = YES;
				GCC_WARN_UNUSED_VARIABLE = YES;
				IPHONEOS_DEPLOYMENT_TARGET = 9.3;
				MTL_ENABLE_DEBUG_INFO = NO;
				SDKROOT = iphoneos;
				TARGETED_DEVICE_FAMILY = "1,2";
				VALIDATE_PRODUCT = YES;
			};
			name = Release;
		};
		2C31B9D61D94D5100072F129 /* Debug */ = {
			isa = XCBuildConfiguration;
			buildSettings = {
				ASSETCATALOG_COMPILER_APPICON_NAME = AppIcon;
				INFOPLIST_FILE = ViewAnimationWithAutLayout/Info.plist;
				LD_RUNPATH_SEARCH_PATHS = "$(inherited) @executable_path/Frameworks";
				PRODUCT_BUNDLE_IDENTIFIER = com.vanillastepdev.example.ViewAnimationWithAutLayout;
				PRODUCT_NAME = "$(TARGET_NAME)";
			};
			name = Debug;
		};
		2C31B9D71D94D5100072F129 /* Release */ = {
			isa = XCBuildConfiguration;
			buildSettings = {
				ASSETCATALOG_COMPILER_APPICON_NAME = AppIcon;
				INFOPLIST_FILE = ViewAnimationWithAutLayout/Info.plist;
				LD_RUNPATH_SEARCH_PATHS = "$(inherited) @executable_path/Frameworks";
				PRODUCT_BUNDLE_IDENTIFIER = com.vanillastepdev.example.ViewAnimationWithAutLayout;
				PRODUCT_NAME = "$(TARGET_NAME)";
			};
			name = Release;
		};
/* End XCBuildConfiguration section */

/* Begin XCConfigurationList section */
		2C31B9BE1D94D5100072F129 /* Build configuration list for PBXProject "ViewAnimationWithAutLayout" */ = {
			isa = XCConfigurationList;
			buildConfigurations = (
				2C31B9D31D94D5100072F129 /* Debug */,
				2C31B9D41D94D5100072F129 /* Release */,
			);
			defaultConfigurationIsVisible = 0;
			defaultConfigurationName = Release;
		};
		2C31B9D51D94D5100072F129 /* Build configuration list for PBXNativeTarget "ViewAnimationWithAutLayout" */ = {
			isa = XCConfigurationList;
			buildConfigurations = (
				2C31B9D61D94D5100072F129 /* Debug */,
				2C31B9D71D94D5100072F129 /* Release */,
			);
			defaultConfigurationIsVisible = 0;
		};
/* End XCConfigurationList section */
	};
	rootObject = 2C31B9BB1D94D5100072F129 /* Project object */;
}
