// !$*UTF8*$!
{
	archiveVersion = 1;
	classes = {
	};
	objectVersion = 46;
	objects = {

/* Begin PBXBuildFile section */
		2C1320D51BD8942500B8DA1A /* LaunchScreen.xib in Resources */ = {isa = PBXBuildFile; fileRef = 2C1320D41BD8942500B8DA1A /* LaunchScreen.xib */; settings = {ASSET_TAGS = (); }; };
		2C4E241819AB6E38004B4412 /* AppDelegate.swift in Sources */ = {isa = PBXBuildFile; fileRef = 2C4E241719AB6E38004B4412 /* AppDelegate.swift */; };
		2C4E241A19AB6E38004B4412 /* ViewController.swift in Sources */ = {isa = PBXBuildFile; fileRef = 2C4E241919AB6E38004B4412 /* ViewController.swift */; };
		2C4E241D19AB6E38004B4412 /* Main.storyboard in Resources */ = {isa = PBXBuildFile; fileRef = 2C4E241B19AB6E38004B4412 /* Main.storyboard */; };
		2C4E241F19AB6E38004B4412 /* Images.xcassets in Resources */ = {isa = PBXBuildFile; fileRef = 2C4E241E19AB6E38004B4412 /* Images.xcassets */; };
		2C4E242B19AB6E38004B4412 /* LocalSearchTests.swift in Sources */ = {isa = PBXBuildFile; fileRef = 2C4E242A19AB6E38004B4412 /* LocalSearchTests.swift */; };
		2C4E243519AB6E46004B4412 /* MapKit.framework in Frameworks */ = {isa = PBXBuildFile; fileRef = 2C4E243419AB6E46004B4412 /* MapKit.framework */; };
/* End PBXBuildFile section */

/* Begin PBXContainerItemProxy section */
		2C4E242519AB6E38004B4412 /* PBXContainerItemProxy */ = {
			isa = PBXContainerItemProxy;
			containerPortal = 2C4E240A19AB6E38004B4412 /* Project object */;
			proxyType = 1;
			remoteGlobalIDString = 2C4E241119AB6E38004B4412;
			remoteInfo = LocalSearch;
		};
/* End PBXContainerItemProxy section */

/* Begin PBXFileReference section */
		2C1320D41BD8942500B8DA1A /* LaunchScreen.xib */ = {isa = PBXFileReference; fileEncoding = 4; lastKnownFileType = file.xib; path = LaunchScreen.xib; sourceTree = "<group>"; };
		2C4E241219AB6E38004B4412 /* LocalSearch.app */ = {isa = PBXFileReference; explicitFileType = wrapper.application; includeInIndex = 0; path = LocalSearch.app; sourceTree = BUILT_PRODUCTS_DIR; };
		2C4E241619AB6E38004B4412 /* Info.plist */ = {isa = PBXFileReference; lastKnownFileType = text.plist.xml; path = Info.plist; sourceTree = "<group>"; };
		2C4E241719AB6E38004B4412 /* AppDelegate.swift */ = {isa = PBXFileReference; lastKnownFileType = sourcecode.swift; path = AppDelegate.swift; sourceTree = "<group>"; };
		2C4E241919AB6E38004B4412 /* ViewController.swift */ = {isa = PBXFileReference; lastKnownFileType = sourcecode.swift; path = ViewController.swift; sourceTree = "<group>"; };
		2C4E241C19AB6E38004B4412 /* Base */ = {isa = PBXFileReference; lastKnownFileType = file.storyboard; name = Base; path = Base.lproj/Main.storyboard; sourceTree = "<group>"; };
		2C4E241E19AB6E38004B4412 /* Images.xcassets */ = {isa = PBXFileReference; lastKnownFileType = folder.assetcatalog; path = Images.xcassets; sourceTree = "<group>"; };
		2C4E242419AB6E38004B4412 /* LocalSearchTests.xctest */ = {isa = PBXFileReference; explicitFileType = wrapper.cfbundle; includeInIndex = 0; path = LocalSearchTests.xctest; sourceTree = BUILT_PRODUCTS_DIR; };
		2C4E242919AB6E38004B4412 /* Info.plist */ = {isa = PBXFileReference; lastKnownFileType = text.plist.xml; path = Info.plist; sourceTree = "<group>"; };
		2C4E242A19AB6E38004B4412 /* LocalSearchTests.swift */ = {isa = PBXFileReference; lastKnownFileType = sourcecode.swift; path = LocalSearchTests.swift; sourceTree = "<group>"; };
		2C4E243419AB6E46004B4412 /* MapKit.framework */ = {isa = PBXFileReference; lastKnownFileType = wrapper.framework; name = MapKit.framework; path = System/Library/Frameworks/MapKit.framework; sourceTree = SDKROOT; };
/* End PBXFileReference section */

/* Begin PBXFrameworksBuildPhase section */
		2C4E240F19AB6E38004B4412 /* Frameworks */ = {
			isa = PBXFrameworksBuildPhase;
			buildActionMask = 2147483647;
			files = (
				2C4E243519AB6E46004B4412 /* MapKit.framework in Frameworks */,
			);
			runOnlyForDeploymentPostprocessing = 0;
		};
		2C4E242119AB6E38004B4412 /* Frameworks */ = {
			isa = PBXFrameworksBuildPhase;
			buildActionMask = 2147483647;
			files = (
			);
			runOnlyForDeploymentPostprocessing = 0;
		};
/* End PBXFrameworksBuildPhase section */

/* Begin PBXGroup section */
		2C4E240919AB6E38004B4412 = {
			isa = PBXGroup;
			children = (
				2C4E243419AB6E46004B4412 /* MapKit.framework */,
				2C4E241419AB6E38004B4412 /* LocalSearch */,
				2C4E242719AB6E38004B4412 /* LocalSearchTests */,
				2C4E241319AB6E38004B4412 /* Products */,
			);
			sourceTree = "<group>";
		};
		2C4E241319AB6E38004B4412 /* Products */ = {
			isa = PBXGroup;
			children = (
				2C4E241219AB6E38004B4412 /* LocalSearch.app */,
				2C4E242419AB6E38004B4412 /* LocalSearchTests.xctest */,
			);
			name = Products;
			sourceTree = "<group>";
		};
		2C4E241419AB6E38004B4412 /* LocalSearch */ = {
			isa = PBXGroup;
			children = (
				2C4E241719AB6E38004B4412 /* AppDelegate.swift */,
				2C4E241919AB6E38004B4412 /* ViewController.swift */,
				2C4E241B19AB6E38004B4412 /* Main.storyboard */,
				2C1320D41BD8942500B8DA1A /* LaunchScreen.xib */,
				2C4E241E19AB6E38004B4412 /* Images.xcassets */,
				2C4E241519AB6E38004B4412 /* Supporting Files */,
			);
			path = LocalSearch;
			sourceTree = "<group>";
		};
		2C4E241519AB6E38004B4412 /* Supporting Files */ = {
			isa = PBXGroup;
			children = (
				2C4E241619AB6E38004B4412 /* Info.plist */,
			);
			name = "Supporting Files";
			sourceTree = "<group>";
		};
		2C4E242719AB6E38004B4412 /* LocalSearchTests */ = {
			isa = PBXGroup;
			children = (
				2C4E242A19AB6E38004B4412 /* LocalSearchTests.swift */,
				2C4E242819AB6E38004B4412 /* Supporting Files */,
			);
			path = LocalSearchTests;
			sourceTree = "<group>";
		};
		2C4E242819AB6E38004B4412 /* Supporting Files */ = {
			isa = PBXGroup;
			children = (
				2C4E242919AB6E38004B4412 /* Info.plist */,
			);
			name = "Supporting Files";
			sourceTree = "<group>";
		};
/* End PBXGroup section */

/* Begin PBXNativeTarget section */
		2C4E241119AB6E38004B4412 /* LocalSearch */ = {
			isa = PBXNativeTarget;
			buildConfigurationList = 2C4E242E19AB6E38004B4412 /* Build configuration list for PBXNativeTarget "LocalSearch" */;
			buildPhases = (
				2C4E240E19AB6E38004B4412 /* Sources */,
				2C4E240F19AB6E38004B4412 /* Frameworks */,
				2C4E241019AB6E38004B4412 /* Resources */,
			);
			buildRules = (
			);
			dependencies = (
			);
			name = LocalSearch;
			productName = LocalSearch;
			productReference = 2C4E241219AB6E38004B4412 /* LocalSearch.app */;
			productType = "com.apple.product-type.application";
		};
		2C4E242319AB6E38004B4412 /* LocalSearchTests */ = {
			isa = PBXNativeTarget;
			buildConfigurationList = 2C4E243119AB6E38004B4412 /* Build configuration list for PBXNativeTarget "LocalSearchTests" */;
			buildPhases = (
				2C4E242019AB6E38004B4412 /* Sources */,
				2C4E242119AB6E38004B4412 /* Frameworks */,
				2C4E242219AB6E38004B4412 /* Resources */,
			);
			buildRules = (
			);
			dependencies = (
				2C4E242619AB6E38004B4412 /* PBXTargetDependency */,
			);
			name = LocalSearchTests;
			productName = LocalSearchTests;
			productReference = 2C4E242419AB6E38004B4412 /* LocalSearchTests.xctest */;
			productType = "com.apple.product-type.bundle.unit-test";
		};
/* End PBXNativeTarget section */

/* Begin PBXProject section */
		2C4E240A19AB6E38004B4412 /* Project object */ = {
			isa = PBXProject;
			attributes = {
				LastSwiftUpdateCheck = 0700;
				LastUpgradeCheck = 0600;
				ORGANIZATIONNAME = VanillaStep;
				TargetAttributes = {
					2C4E241119AB6E38004B4412 = {
						CreatedOnToolsVersion = 6.0;
					};
					2C4E242319AB6E38004B4412 = {
						CreatedOnToolsVersion = 6.0;
						TestTargetID = 2C4E241119AB6E38004B4412;
					};
				};
			};
			buildConfigurationList = 2C4E240D19AB6E38004B4412 /* Build configuration list for PBXProject "LocalSearch" */;
			compatibilityVersion = "Xcode 3.2";
			developmentRegion = English;
			hasScannedForEncodings = 0;
			knownRegions = (
				en,
				Base,
			);
			mainGroup = 2C4E240919AB6E38004B4412;
			productRefGroup = 2C4E241319AB6E38004B4412 /* Products */;
			projectDirPath = "";
			projectRoot = "";
			targets = (
				2C4E241119AB6E38004B4412 /* LocalSearch */,
				2C4E242319AB6E38004B4412 /* LocalSearchTests */,
			);
		};
/* End PBXProject section */

/* Begin PBXResourcesBuildPhase section */
		2C4E241019AB6E38004B4412 /* Resources */ = {
			isa = PBXResourcesBuildPhase;
			buildActionMask = 2147483647;
			files = (
				2C4E241D19AB6E38004B4412 /* Main.storyboard in Resources */,
				2C1320D51BD8942500B8DA1A /* LaunchScreen.xib in Resources */,
				2C4E241F19AB6E38004B4412 /* Images.xcassets in Resources */,
			);
			runOnlyForDeploymentPostprocessing = 0;
		};
		2C4E242219AB6E38004B4412 /* Resources */ = {
			isa = PBXResourcesBuildPhase;
			buildActionMask = 2147483647;
			files = (
			);
			runOnlyForDeploymentPostprocessing = 0;
		};
/* End PBXResourcesBuildPhase section */

/* Begin PBXSourcesBuildPhase section */
		2C4E240E19AB6E38004B4412 /* Sources */ = {
			isa = PBXSourcesBuildPhase;
			buildActionMask = 2147483647;
			files = (
				2C4E241A19AB6E38004B4412 /* ViewController.swift in Sources */,
				2C4E241819AB6E38004B4412 /* AppDelegate.swift in Sources */,
			);
			runOnlyForDeploymentPostprocessing = 0;
		};
		2C4E242019AB6E38004B4412 /* Sources */ = {
			isa = PBXSourcesBuildPhase;
			buildActionMask = 2147483647;
			files = (
				2C4E242B19AB6E38004B4412 /* LocalSearchTests.swift in Sources */,
			);
			runOnlyForDeploymentPostprocessing = 0;
		};
/* End PBXSourcesBuildPhase section */

/* Begin PBXTargetDependency section */
		2C4E242619AB6E38004B4412 /* PBXTargetDependency */ = {
			isa = PBXTargetDependency;
			target = 2C4E241119AB6E38004B4412 /* LocalSearch */;
			targetProxy = 2C4E242519AB6E38004B4412 /* PBXContainerItemProxy */;
		};
/* End PBXTargetDependency section */

/* Begin PBXVariantGroup section */
		2C4E241B19AB6E38004B4412 /* Main.storyboard */ = {
			isa = PBXVariantGroup;
			children = (
				2C4E241C19AB6E38004B4412 /* Base */,
			);
			name = Main.storyboard;
			sourceTree = "<group>";
		};
/* End PBXVariantGroup section */

/* Begin XCBuildConfiguration section */
		2C4E242C19AB6E38004B4412 /* Debug */ = {
			isa = XCBuildConfiguration;
			buildSettings = {
				ALWAYS_SEARCH_USER_PATHS = NO;
				CLANG_CXX_LANGUAGE_STANDARD = "gnu++0x";
				CLANG_CXX_LIBRARY = "libc++";
				CLANG_ENABLE_MODULES = YES;
				CLANG_ENABLE_OBJC_ARC = YES;
				CLANG_WARN_BOOL_CONVERSION = YES;
				CLANG_WARN_CONSTANT_CONVERSION = YES;
				CLANG_WARN_DIRECT_OBJC_ISA_USAGE = YES_ERROR;
				CLANG_WARN_EMPTY_BODY = YES;
				CLANG_WARN_ENUM_CONVERSION = YES;
				CLANG_WARN_INT_CONVERSION = YES;
				CLANG_WARN_OBJC_ROOT_CLASS = YES_ERROR;
				CLANG_WARN_UNREACHABLE_CODE = YES;
				CLANG_WARN__DUPLICATE_METHOD_MATCH = YES;
				"CODE_SIGN_IDENTITY[sdk=iphoneos*]" = "iPhone Developer";
				COPY_PHASE_STRIP = NO;
				ENABLE_STRICT_OBJC_MSGSEND = YES;
				GCC_C_LANGUAGE_STANDARD = gnu99;
				GCC_DYNAMIC_NO_PIC = NO;
				GCC_OPTIMIZATION_LEVEL = 0;
				GCC_PREPROCESSOR_DEFINITIONS = (
					"DEBUG=1",
					"$(inherited)",
				);
				GCC_SYMBOLS_PRIVATE_EXTERN = NO;
				GCC_WARN_64_TO_32_BIT_CONVERSION = YES;
				GCC_WARN_ABOUT_RETURN_TYPE = YES_ERROR;
				GCC_WARN_UNDECLARED_SELECTOR = YES;
				GCC_WARN_UNINITIALIZED_AUTOS = YES_AGGRESSIVE;
				GCC_WARN_UNUSED_FUNCTION = YES;
				GCC_WARN_UNUSED_VARIABLE = YES;
				IPHONEOS_DEPLOYMENT_TARGET = 8.0;
				MTL_ENABLE_DEBUG_INFO = YES;
				ONLY_ACTIVE_ARCH = YES;
				SDKROOT = iphoneos;
				SWIFT_OPTIMIZATION_LEVEL = "-Onone";
			};
			name = Debug;
		};
		2C4E242D19AB6E38004B4412 /* Release */ = {
			isa = XCBuildConfiguration;
			buildSettings = {
				ALWAYS_SEARCH_USER_PATHS = NO;
				CLANG_CXX_LANGUAGE_STANDARD = "gnu++0x";
				CLANG_CXX_LIBRARY = "libc++";
				CLANG_ENABLE_MODULES = YES;
				CLANG_ENABLE_OBJC_ARC = YES;
				CLANG_WARN_BOOL_CONVERSION = YES;
				CLANG_WARN_CONSTANT_CONVERSION = YES;
				CLANG_WARN_DIRECT_OBJC_ISA_USAGE = YES_ERROR;
				CLANG_WARN_EMPTY_BODY = YES;
				CLANG_WARN_ENUM_CONVERSION = YES;
				CLANG_WARN_INT_CONVERSION = YES;
				CLANG_WARN_OBJC_ROOT_CLASS = YES_ERROR;
				CLANG_WARN_UNREACHABLE_CODE = YES;
				CLANG_WARN__DUPLICATE_METHOD_MATCH = YES;
				"CODE_SIGN_IDENTITY[sdk=iphoneos*]" = "iPhone Developer";
				COPY_PHASE_STRIP = YES;
				ENABLE_NS_ASSERTIONS = NO;
				ENABLE_STRICT_OBJC_MSGSEND = YES;
				GCC_C_LANGUAGE_STANDARD = gnu99;
				GCC_WARN_64_TO_32_BIT_CONVERSION = YES;
				GCC_WARN_ABOUT_RETURN_TYPE = YES_ERROR;
				GCC_WARN_UNDECLARED_SELECTOR = YES;
				GCC_WARN_UNINITIALIZED_AUTOS = YES_AGGRESSIVE;
				GCC_WARN_UNUSED_FUNCTION = YES;
				GCC_WARN_UNUSED_VARIABLE = YES;
				IPHONEOS_DEPLOYMENT_TARGET = 8.0;
				MTL_ENABLE_DEBUG_INFO = NO;
				SDKROOT = iphoneos;
				VALIDATE_PRODUCT = YES;
			};
			name = Release;
		};
		2C4E242F19AB6E38004B4412 /* Debug */ = {
			isa = XCBuildConfiguration;
			buildSettings = {
				ASSETCATALOG_COMPILER_APPICON_NAME = AppIcon;
				INFOPLIST_FILE = LocalSearch/Info.plist;
				LD_RUNPATH_SEARCH_PATHS = "$(inherited) @executable_path/Frameworks";
				PRODUCT_NAME = "$(TARGET_NAME)";
			};
			name = Debug;
		};
		2C4E243019AB6E38004B4412 /* Release */ = {
			isa = XCBuildConfiguration;
			buildSettings = {
				ASSETCATALOG_COMPILER_APPICON_NAME = AppIcon;
				INFOPLIST_FILE = LocalSearch/Info.plist;
				LD_RUNPATH_SEARCH_PATHS = "$(inherited) @executable_path/Frameworks";
				PRODUCT_NAME = "$(TARGET_NAME)";
			};
			name = Release;
		};
		2C4E243219AB6E38004B4412 /* Debug */ = {
			isa = XCBuildConfiguration;
			buildSettings = {
				BUNDLE_LOADER = "$(TEST_HOST)";
				FRAMEWORK_SEARCH_PATHS = (
					"$(SDKROOT)/Developer/Library/Frameworks",
					"$(inherited)",
				);
				GCC_PREPROCESSOR_DEFINITIONS = (
					"DEBUG=1",
					"$(inherited)",
				);
				INFOPLIST_FILE = LocalSearchTests/Info.plist;
				LD_RUNPATH_SEARCH_PATHS = "$(inherited) @executable_path/Frameworks @loader_path/Frameworks";
				PRODUCT_NAME = "$(TARGET_NAME)";
				TEST_HOST = "$(BUILT_PRODUCTS_DIR)/LocalSearch.app/LocalSearch";
			};
			name = Debug;
		};
		2C4E243319AB6E38004B4412 /* Release */ = {
			isa = XCBuildConfiguration;
			buildSettings = {
				BUNDLE_LOADER = "$(TEST_HOST)";
				FRAMEWORK_SEARCH_PATHS = (
					"$(SDKROOT)/Developer/Library/Frameworks",
					"$(inherited)",
				);
				INFOPLIST_FILE = LocalSearchTests/Info.plist;
				LD_RUNPATH_SEARCH_PATHS = "$(inherited) @executable_path/Frameworks @loader_path/Frameworks";
				PRODUCT_NAME = "$(TARGET_NAME)";
				TEST_HOST = "$(BUILT_PRODUCTS_DIR)/LocalSearch.app/LocalSearch";
			};
			name = Release;
		};
/* End XCBuildConfiguration section */

/* Begin XCConfigurationList section */
		2C4E240D19AB6E38004B4412 /* Build configuration list for PBXProject "LocalSearch" */ = {
			isa = XCConfigurationList;
			buildConfigurations = (
				2C4E242C19AB6E38004B4412 /* Debug */,
				2C4E242D19AB6E38004B4412 /* Release */,
			);
			defaultConfigurationIsVisible = 0;
			defaultConfigurationName = Release;
		};
		2C4E242E19AB6E38004B4412 /* Build configuration list for PBXNativeTarget "LocalSearch" */ = {
			isa = XCConfigurationList;
			buildConfigurations = (
				2C4E242F19AB6E38004B4412 /* Debug */,
				2C4E243019AB6E38004B4412 /* Release */,
			);
			defaultConfigurationIsVisible = 0;
			defaultConfigurationName = Release;
		};
		2C4E243119AB6E38004B4412 /* Build configuration list for PBXNativeTarget "LocalSearchTests" */ = {
			isa = XCConfigurationList;
			buildConfigurations = (
				2C4E243219AB6E38004B4412 /* Debug */,
				2C4E243319AB6E38004B4412 /* Release */,
			);
			defaultConfigurationIsVisible = 0;
			defaultConfigurationName = Release;
		};
/* End XCConfigurationList section */
	};
	rootObject = 2C4E240A19AB6E38004B4412 /* Project object */;
}
