// !$*UTF8*$!
{
	archiveVersion = 1;
	classes = {
	};
	objectVersion = 46;
	objects = {

/* Begin PBXBuildFile section */
		2C5C94761AC333820077D1C1 /* AppDelegate.swift in Sources */ = {isa = PBXBuildFile; fileRef = 2C5C94751AC333820077D1C1 /* AppDelegate.swift */; };
		2C5C947D1AC333820077D1C1 /* Images.xcassets in Resources */ = {isa = PBXBuildFile; fileRef = 2C5C947C1AC333820077D1C1 /* Images.xcassets */; };
		2C5C94801AC333820077D1C1 /* LaunchScreen.xib in Resources */ = {isa = PBXBuildFile; fileRef = 2C5C947E1AC333820077D1C1 /* LaunchScreen.xib */; };
		2C5C948C1AC333820077D1C1 /* MediaPlayerTests.swift in Sources */ = {isa = PBXBuildFile; fileRef = 2C5C948B1AC333820077D1C1 /* MediaPlayerTests.swift */; };
		2C9E14A41B75D0D200B5CF7B /* MediaPlayer.framework in Frameworks */ = {isa = PBXBuildFile; fileRef = 2C9E14A31B75D0D200B5CF7B /* MediaPlayer.framework */; };
		2C9E14A61B75D0DF00B5CF7B /* ViewController.swift in Sources */ = {isa = PBXBuildFile; fileRef = 2C9E14A51B75D0DF00B5CF7B /* ViewController.swift */; };
		2C9E14A81B75D0E600B5CF7B /* Main.storyboard in Resources */ = {isa = PBXBuildFile; fileRef = 2C9E14A71B75D0E600B5CF7B /* Main.storyboard */; };
/* End PBXBuildFile section */

/* Begin PBXContainerItemProxy section */
		2C5C94861AC333820077D1C1 /* PBXContainerItemProxy */ = {
			isa = PBXContainerItemProxy;
			containerPortal = 2C5C94681AC333820077D1C1 /* Project object */;
			proxyType = 1;
			remoteGlobalIDString = 2C5C946F1AC333820077D1C1;
			remoteInfo = MediaPlayer;
		};
/* End PBXContainerItemProxy section */

/* Begin PBXFileReference section */
		2C5C94701AC333820077D1C1 /* MediaPlayer.app */ = {isa = PBXFileReference; explicitFileType = wrapper.application; includeInIndex = 0; path = MediaPlayer.app; sourceTree = BUILT_PRODUCTS_DIR; };
		2C5C94741AC333820077D1C1 /* Info.plist */ = {isa = PBXFileReference; lastKnownFileType = text.plist.xml; path = Info.plist; sourceTree = "<group>"; };
		2C5C94751AC333820077D1C1 /* AppDelegate.swift */ = {isa = PBXFileReference; lastKnownFileType = sourcecode.swift; path = AppDelegate.swift; sourceTree = "<group>"; };
		2C5C947C1AC333820077D1C1 /* Images.xcassets */ = {isa = PBXFileReference; lastKnownFileType = folder.assetcatalog; path = Images.xcassets; sourceTree = "<group>"; };
		2C5C947F1AC333820077D1C1 /* Base */ = {isa = PBXFileReference; lastKnownFileType = file.xib; name = Base; path = Base.lproj/LaunchScreen.xib; sourceTree = "<group>"; };
		2C5C94851AC333820077D1C1 /* MediaPlayerTests.xctest */ = {isa = PBXFileReference; explicitFileType = wrapper.cfbundle; includeInIndex = 0; path = MediaPlayerTests.xctest; sourceTree = BUILT_PRODUCTS_DIR; };
		2C5C948A1AC333820077D1C1 /* Info.plist */ = {isa = PBXFileReference; lastKnownFileType = text.plist.xml; path = Info.plist; sourceTree = "<group>"; };
		2C5C948B1AC333820077D1C1 /* MediaPlayerTests.swift */ = {isa = PBXFileReference; lastKnownFileType = sourcecode.swift; path = MediaPlayerTests.swift; sourceTree = "<group>"; };
		2C9E14A31B75D0D200B5CF7B /* MediaPlayer.framework */ = {isa = PBXFileReference; lastKnownFileType = wrapper.framework; name = MediaPlayer.framework; path = System/Library/Frameworks/MediaPlayer.framework; sourceTree = SDKROOT; };
		2C9E14A51B75D0DF00B5CF7B /* ViewController.swift */ = {isa = PBXFileReference; fileEncoding = 4; lastKnownFileType = sourcecode.swift; path = ViewController.swift; sourceTree = "<group>"; };
		2C9E14A71B75D0E600B5CF7B /* Main.storyboard */ = {isa = PBXFileReference; fileEncoding = 4; lastKnownFileType = file.storyboard; path = Main.storyboard; sourceTree = "<group>"; };
/* End PBXFileReference section */

/* Begin PBXFrameworksBuildPhase section */
		2C5C946D1AC333820077D1C1 /* Frameworks */ = {
			isa = PBXFrameworksBuildPhase;
			buildActionMask = 2147483647;
			files = (
				2C9E14A41B75D0D200B5CF7B /* MediaPlayer.framework in Frameworks */,
			);
			runOnlyForDeploymentPostprocessing = 0;
		};
		2C5C94821AC333820077D1C1 /* Frameworks */ = {
			isa = PBXFrameworksBuildPhase;
			buildActionMask = 2147483647;
			files = (
			);
			runOnlyForDeploymentPostprocessing = 0;
		};
/* End PBXFrameworksBuildPhase section */

/* Begin PBXGroup section */
		2C5C94671AC333820077D1C1 = {
			isa = PBXGroup;
			children = (
				2C9E14A31B75D0D200B5CF7B /* MediaPlayer.framework */,
				2C5C94721AC333820077D1C1 /* MediaPlayer */,
				2C5C94881AC333820077D1C1 /* MediaPlayerTests */,
				2C5C94711AC333820077D1C1 /* Products */,
			);
			sourceTree = "<group>";
		};
		2C5C94711AC333820077D1C1 /* Products */ = {
			isa = PBXGroup;
			children = (
				2C5C94701AC333820077D1C1 /* MediaPlayer.app */,
				2C5C94851AC333820077D1C1 /* MediaPlayerTests.xctest */,
			);
			name = Products;
			sourceTree = "<group>";
		};
		2C5C94721AC333820077D1C1 /* MediaPlayer */ = {
			isa = PBXGroup;
			children = (
				2C5C94751AC333820077D1C1 /* AppDelegate.swift */,
				2C9E14A51B75D0DF00B5CF7B /* ViewController.swift */,
				2C9E14A71B75D0E600B5CF7B /* Main.storyboard */,
				2C5C947C1AC333820077D1C1 /* Images.xcassets */,
				2C5C947E1AC333820077D1C1 /* LaunchScreen.xib */,
				2C5C94731AC333820077D1C1 /* Supporting Files */,
			);
			path = MediaPlayer;
			sourceTree = "<group>";
		};
		2C5C94731AC333820077D1C1 /* Supporting Files */ = {
			isa = PBXGroup;
			children = (
				2C5C94741AC333820077D1C1 /* Info.plist */,
			);
			name = "Supporting Files";
			sourceTree = "<group>";
		};
		2C5C94881AC333820077D1C1 /* MediaPlayerTests */ = {
			isa = PBXGroup;
			children = (
				2C5C948B1AC333820077D1C1 /* MediaPlayerTests.swift */,
				2C5C94891AC333820077D1C1 /* Supporting Files */,
			);
			path = MediaPlayerTests;
			sourceTree = "<group>";
		};
		2C5C94891AC333820077D1C1 /* Supporting Files */ = {
			isa = PBXGroup;
			children = (
				2C5C948A1AC333820077D1C1 /* Info.plist */,
			);
			name = "Supporting Files";
			sourceTree = "<group>";
		};
/* End PBXGroup section */

/* Begin PBXNativeTarget section */
		2C5C946F1AC333820077D1C1 /* MediaPlayer */ = {
			isa = PBXNativeTarget;
			buildConfigurationList = 2C5C948F1AC333820077D1C1 /* Build configuration list for PBXNativeTarget "MediaPlayer" */;
			buildPhases = (
				2C5C946C1AC333820077D1C1 /* Sources */,
				2C5C946D1AC333820077D1C1 /* Frameworks */,
				2C5C946E1AC333820077D1C1 /* Resources */,
			);
			buildRules = (
			);
			dependencies = (
			);
			name = MediaPlayer;
			productName = MediaPlayer;
			productReference = 2C5C94701AC333820077D1C1 /* MediaPlayer.app */;
			productType = "com.apple.product-type.application";
		};
		2C5C94841AC333820077D1C1 /* MediaPlayerTests */ = {
			isa = PBXNativeTarget;
			buildConfigurationList = 2C5C94921AC333820077D1C1 /* Build configuration list for PBXNativeTarget "MediaPlayerTests" */;
			buildPhases = (
				2C5C94811AC333820077D1C1 /* Sources */,
				2C5C94821AC333820077D1C1 /* Frameworks */,
				2C5C94831AC333820077D1C1 /* Resources */,
			);
			buildRules = (
			);
			dependencies = (
				2C5C94871AC333820077D1C1 /* PBXTargetDependency */,
			);
			name = MediaPlayerTests;
			productName = MediaPlayerTests;
			productReference = 2C5C94851AC333820077D1C1 /* MediaPlayerTests.xctest */;
			productType = "com.apple.product-type.bundle.unit-test";
		};
/* End PBXNativeTarget section */

/* Begin PBXProject section */
		2C5C94681AC333820077D1C1 /* Project object */ = {
			isa = PBXProject;
			attributes = {
				LastUpgradeCheck = 0620;
				ORGANIZATIONNAME = wannabewize;
				TargetAttributes = {
					2C5C946F1AC333820077D1C1 = {
						CreatedOnToolsVersion = 6.2;
						DevelopmentTeam = U83637X5J4;
					};
					2C5C94841AC333820077D1C1 = {
						CreatedOnToolsVersion = 6.2;
						TestTargetID = 2C5C946F1AC333820077D1C1;
					};
				};
			};
			buildConfigurationList = 2C5C946B1AC333820077D1C1 /* Build configuration list for PBXProject "MediaPlayer" */;
			compatibilityVersion = "Xcode 3.2";
			developmentRegion = English;
			hasScannedForEncodings = 0;
			knownRegions = (
				en,
				Base,
			);
			mainGroup = 2C5C94671AC333820077D1C1;
			productRefGroup = 2C5C94711AC333820077D1C1 /* Products */;
			projectDirPath = "";
			projectRoot = "";
			targets = (
				2C5C946F1AC333820077D1C1 /* MediaPlayer */,
				2C5C94841AC333820077D1C1 /* MediaPlayerTests */,
			);
		};
/* End PBXProject section */

/* Begin PBXResourcesBuildPhase section */
		2C5C946E1AC333820077D1C1 /* Resources */ = {
			isa = PBXResourcesBuildPhase;
			buildActionMask = 2147483647;
			files = (
				2C9E14A81B75D0E600B5CF7B /* Main.storyboard in Resources */,
				2C5C94801AC333820077D1C1 /* LaunchScreen.xib in Resources */,
				2C5C947D1AC333820077D1C1 /* Images.xcassets in Resources */,
			);
			runOnlyForDeploymentPostprocessing = 0;
		};
		2C5C94831AC333820077D1C1 /* Resources */ = {
			isa = PBXResourcesBuildPhase;
			buildActionMask = 2147483647;
			files = (
			);
			runOnlyForDeploymentPostprocessing = 0;
		};
/* End PBXResourcesBuildPhase section */

/* Begin PBXSourcesBuildPhase section */
		2C5C946C1AC333820077D1C1 /* Sources */ = {
			isa = PBXSourcesBuildPhase;
			buildActionMask = 2147483647;
			files = (
				2C9E14A61B75D0DF00B5CF7B /* ViewController.swift in Sources */,
				2C5C94761AC333820077D1C1 /* AppDelegate.swift in Sources */,
			);
			runOnlyForDeploymentPostprocessing = 0;
		};
		2C5C94811AC333820077D1C1 /* Sources */ = {
			isa = PBXSourcesBuildPhase;
			buildActionMask = 2147483647;
			files = (
				2C5C948C1AC333820077D1C1 /* MediaPlayerTests.swift in Sources */,
			);
			runOnlyForDeploymentPostprocessing = 0;
		};
/* End PBXSourcesBuildPhase section */

/* Begin PBXTargetDependency section */
		2C5C94871AC333820077D1C1 /* PBXTargetDependency */ = {
			isa = PBXTargetDependency;
			target = 2C5C946F1AC333820077D1C1 /* MediaPlayer */;
			targetProxy = 2C5C94861AC333820077D1C1 /* PBXContainerItemProxy */;
		};
/* End PBXTargetDependency section */

/* Begin PBXVariantGroup section */
		2C5C947E1AC333820077D1C1 /* LaunchScreen.xib */ = {
			isa = PBXVariantGroup;
			children = (
				2C5C947F1AC333820077D1C1 /* Base */,
			);
			name = LaunchScreen.xib;
			sourceTree = "<group>";
		};
/* End PBXVariantGroup section */

/* Begin XCBuildConfiguration section */
		2C5C948D1AC333820077D1C1 /* Debug */ = {
			isa = XCBuildConfiguration;
			buildSettings = {
				ALWAYS_SEARCH_USER_PATHS = NO;
				CLANG_CXX_LANGUAGE_STANDARD = "gnu++0x";
				CLANG_CXX_LIBRARY = "libc++";
				CLANG_ENABLE_MODULES = YES;
				CLANG_ENABLE_OBJC_ARC = YES;
				CLANG_WARN_BOOL_CONVERSION = YES;
				CLANG_WARN_CONSTANT_CONVERSION = YES;
				CLANG_WARN_DIRECT_OBJC_ISA_USAGE = YES_ERROR;
				CLANG_WARN_EMPTY_BODY = YES;
				CLANG_WARN_ENUM_CONVERSION = YES;
				CLANG_WARN_INT_CONVERSION = YES;
				CLANG_WARN_OBJC_ROOT_CLASS = YES_ERROR;
				CLANG_WARN_UNREACHABLE_CODE = YES;
				CLANG_WARN__DUPLICATE_METHOD_MATCH = YES;
				"CODE_SIGN_IDENTITY[sdk=iphoneos*]" = "iPhone Developer";
				COPY_PHASE_STRIP = NO;
				ENABLE_STRICT_OBJC_MSGSEND = YES;
				GCC_C_LANGUAGE_STANDARD = gnu99;
				GCC_DYNAMIC_NO_PIC = NO;
				GCC_OPTIMIZATION_LEVEL = 0;
				GCC_PREPROCESSOR_DEFINITIONS = (
					"DEBUG=1",
					"$(inherited)",
				);
				GCC_SYMBOLS_PRIVATE_EXTERN = NO;
				GCC_WARN_64_TO_32_BIT_CONVERSION = YES;
				GCC_WARN_ABOUT_RETURN_TYPE = YES_ERROR;
				GCC_WARN_UNDECLARED_SELECTOR = YES;
				GCC_WARN_UNINITIALIZED_AUTOS = YES_AGGRESSIVE;
				GCC_WARN_UNUSED_FUNCTION = YES;
				GCC_WARN_UNUSED_VARIABLE = YES;
				IPHONEOS_DEPLOYMENT_TARGET = 8.2;
				MTL_ENABLE_DEBUG_INFO = YES;
				ONLY_ACTIVE_ARCH = YES;
				SDKROOT = iphoneos;
				SWIFT_OPTIMIZATION_LEVEL = "-Onone";
			};
			name = Debug;
		};
		2C5C948E1AC333820077D1C1 /* Release */ = {
			isa = XCBuildConfiguration;
			buildSettings = {
				ALWAYS_SEARCH_USER_PATHS = NO;
				CLANG_CXX_LANGUAGE_STANDARD = "gnu++0x";
				CLANG_CXX_LIBRARY = "libc++";
				CLANG_ENABLE_MODULES = YES;
				CLANG_ENABLE_OBJC_ARC = YES;
				CLANG_WARN_BOOL_CONVERSION = YES;
				CLANG_WARN_CONSTANT_CONVERSION = YES;
				CLANG_WARN_DIRECT_OBJC_ISA_USAGE = YES_ERROR;
				CLANG_WARN_EMPTY_BODY = YES;
				CLANG_WARN_ENUM_CONVERSION = YES;
				CLANG_WARN_INT_CONVERSION = YES;
				CLANG_WARN_OBJC_ROOT_CLASS = YES_ERROR;
				CLANG_WARN_UNREACHABLE_CODE = YES;
				CLANG_WARN__DUPLICATE_METHOD_MATCH = YES;
				"CODE_SIGN_IDENTITY[sdk=iphoneos*]" = "iPhone Developer";
				COPY_PHASE_STRIP = NO;
				ENABLE_NS_ASSERTIONS = NO;
				ENABLE_STRICT_OBJC_MSGSEND = YES;
				GCC_C_LANGUAGE_STANDARD = gnu99;
				GCC_WARN_64_TO_32_BIT_CONVERSION = YES;
				GCC_WARN_ABOUT_RETURN_TYPE = YES_ERROR;
				GCC_WARN_UNDECLARED_SELECTOR = YES;
				GCC_WARN_UNINITIALIZED_AUTOS = YES_AGGRESSIVE;
				GCC_WARN_UNUSED_FUNCTION = YES;
				GCC_WARN_UNUSED_VARIABLE = YES;
				IPHONEOS_DEPLOYMENT_TARGET = 8.2;
				MTL_ENABLE_DEBUG_INFO = NO;
				SDKROOT = iphoneos;
				VALIDATE_PRODUCT = YES;
			};
			name = Release;
		};
		2C5C94901AC333820077D1C1 /* Debug */ = {
			isa = XCBuildConfiguration;
			buildSettings = {
				ASSETCATALOG_COMPILER_APPICON_NAME = AppIcon;
				CODE_SIGN_IDENTITY = "iPhone Developer";
				INFOPLIST_FILE = MediaPlayer/Info.plist;
				LD_RUNPATH_SEARCH_PATHS = "$(inherited) @executable_path/Frameworks";
				PRODUCT_NAME = "$(TARGET_NAME)";
			};
			name = Debug;
		};
		2C5C94911AC333820077D1C1 /* Release */ = {
			isa = XCBuildConfiguration;
			buildSettings = {
				ASSETCATALOG_COMPILER_APPICON_NAME = AppIcon;
				CODE_SIGN_IDENTITY = "iPhone Developer";
				INFOPLIST_FILE = MediaPlayer/Info.plist;
				LD_RUNPATH_SEARCH_PATHS = "$(inherited) @executable_path/Frameworks";
				PRODUCT_NAME = "$(TARGET_NAME)";
			};
			name = Release;
		};
		2C5C94931AC333820077D1C1 /* Debug */ = {
			isa = XCBuildConfiguration;
			buildSettings = {
				BUNDLE_LOADER = "$(TEST_HOST)";
				FRAMEWORK_SEARCH_PATHS = (
					"$(SDKROOT)/Developer/Library/Frameworks",
					"$(inherited)",
				);
				GCC_PREPROCESSOR_DEFINITIONS = (
					"DEBUG=1",
					"$(inherited)",
				);
				INFOPLIST_FILE = MediaPlayerTests/Info.plist;
				LD_RUNPATH_SEARCH_PATHS = "$(inherited) @executable_path/Frameworks @loader_path/Frameworks";
				PRODUCT_NAME = "$(TARGET_NAME)";
				TEST_HOST = "$(BUILT_PRODUCTS_DIR)/MediaPlayer.app/MediaPlayer";
			};
			name = Debug;
		};
		2C5C94941AC333820077D1C1 /* Release */ = {
			isa = XCBuildConfiguration;
			buildSettings = {
				BUNDLE_LOADER = "$(TEST_HOST)";
				FRAMEWORK_SEARCH_PATHS = (
					"$(SDKROOT)/Developer/Library/Frameworks",
					"$(inherited)",
				);
				INFOPLIST_FILE = MediaPlayerTests/Info.plist;
				LD_RUNPATH_SEARCH_PATHS = "$(inherited) @executable_path/Frameworks @loader_path/Frameworks";
				PRODUCT_NAME = "$(TARGET_NAME)";
				TEST_HOST = "$(BUILT_PRODUCTS_DIR)/MediaPlayer.app/MediaPlayer";
			};
			name = Release;
		};
/* End XCBuildConfiguration section */

/* Begin XCConfigurationList section */
		2C5C946B1AC333820077D1C1 /* Build configuration list for PBXProject "MediaPlayer" */ = {
			isa = XCConfigurationList;
			buildConfigurations = (
				2C5C948D1AC333820077D1C1 /* Debug */,
				2C5C948E1AC333820077D1C1 /* Release */,
			);
			defaultConfigurationIsVisible = 0;
			defaultConfigurationName = Release;
		};
		2C5C948F1AC333820077D1C1 /* Build configuration list for PBXNativeTarget "MediaPlayer" */ = {
			isa = XCConfigurationList;
			buildConfigurations = (
				2C5C94901AC333820077D1C1 /* Debug */,
				2C5C94911AC333820077D1C1 /* Release */,
			);
			defaultConfigurationIsVisible = 0;
			defaultConfigurationName = Release;
		};
		2C5C94921AC333820077D1C1 /* Build configuration list for PBXNativeTarget "MediaPlayerTests" */ = {
			isa = XCConfigurationList;
			buildConfigurations = (
				2C5C94931AC333820077D1C1 /* Debug */,
				2C5C94941AC333820077D1C1 /* Release */,
			);
			defaultConfigurationIsVisible = 0;
			defaultConfigurationName = Release;
		};
/* End XCConfigurationList section */
	};
	rootObject = 2C5C94681AC333820077D1C1 /* Project object */;
}
