// !$*UTF8*$!
{
	archiveVersion = 1;
	classes = {
	};
	objectVersion = 46;
	objects = {

/* Begin PBXBuildFile section */
		2C3CEC8D1A8AEC09000D9E3D /* AppDelegate.swift in Sources */ = {isa = PBXBuildFile; fileRef = 2C3CEC8C1A8AEC09000D9E3D /* AppDelegate.swift */; };
		2C3CEC8F1A8AEC09000D9E3D /* ViewController.swift in Sources */ = {isa = PBXBuildFile; fileRef = 2C3CEC8E1A8AEC09000D9E3D /* ViewController.swift */; };
		2C3CEC921A8AEC09000D9E3D /* Main.storyboard in Resources */ = {isa = PBXBuildFile; fileRef = 2C3CEC901A8AEC09000D9E3D /* Main.storyboard */; };
		2C3CEC941A8AEC09000D9E3D /* Images.xcassets in Resources */ = {isa = PBXBuildFile; fileRef = 2C3CEC931A8AEC09000D9E3D /* Images.xcassets */; };
		2C3CEC971A8AEC09000D9E3D /* LaunchScreen.xib in Resources */ = {isa = PBXBuildFile; fileRef = 2C3CEC951A8AEC09000D9E3D /* LaunchScreen.xib */; };
		2C3CECA31A8AEC09000D9E3D /* OpenAPI_11stTests.swift in Sources */ = {isa = PBXBuildFile; fileRef = 2C3CECA21A8AEC09000D9E3D /* OpenAPI_11stTests.swift */; };
		2C3CECAD1A8AEC37000D9E3D /* Model.swift in Sources */ = {isa = PBXBuildFile; fileRef = 2C3CECAC1A8AEC37000D9E3D /* Model.swift */; };
		2C9CF7891A8B3B72001CDD7F /* DetailViewController.swift in Sources */ = {isa = PBXBuildFile; fileRef = 2C9CF7881A8B3B72001CDD7F /* DetailViewController.swift */; };
/* End PBXBuildFile section */

/* Begin PBXContainerItemProxy section */
		2C3CEC9D1A8AEC09000D9E3D /* PBXContainerItemProxy */ = {
			isa = PBXContainerItemProxy;
			containerPortal = 2C3CEC7F1A8AEC09000D9E3D /* Project object */;
			proxyType = 1;
			remoteGlobalIDString = 2C3CEC861A8AEC09000D9E3D;
			remoteInfo = OpenAPI_11st;
		};
/* End PBXContainerItemProxy section */

/* Begin PBXFileReference section */
		2C3CEC871A8AEC09000D9E3D /* OpenAPI_11st.app */ = {isa = PBXFileReference; explicitFileType = wrapper.application; includeInIndex = 0; path = OpenAPI_11st.app; sourceTree = BUILT_PRODUCTS_DIR; };
		2C3CEC8B1A8AEC09000D9E3D /* Info.plist */ = {isa = PBXFileReference; lastKnownFileType = text.plist.xml; path = Info.plist; sourceTree = "<group>"; };
		2C3CEC8C1A8AEC09000D9E3D /* AppDelegate.swift */ = {isa = PBXFileReference; lastKnownFileType = sourcecode.swift; path = AppDelegate.swift; sourceTree = "<group>"; };
		2C3CEC8E1A8AEC09000D9E3D /* ViewController.swift */ = {isa = PBXFileReference; lastKnownFileType = sourcecode.swift; path = ViewController.swift; sourceTree = "<group>"; };
		2C3CEC911A8AEC09000D9E3D /* Base */ = {isa = PBXFileReference; lastKnownFileType = file.storyboard; name = Base; path = Base.lproj/Main.storyboard; sourceTree = "<group>"; };
		2C3CEC931A8AEC09000D9E3D /* Images.xcassets */ = {isa = PBXFileReference; lastKnownFileType = folder.assetcatalog; path = Images.xcassets; sourceTree = "<group>"; };
		2C3CEC961A8AEC09000D9E3D /* Base */ = {isa = PBXFileReference; lastKnownFileType = file.xib; name = Base; path = Base.lproj/LaunchScreen.xib; sourceTree = "<group>"; };
		2C3CEC9C1A8AEC09000D9E3D /* OpenAPI_11stTests.xctest */ = {isa = PBXFileReference; explicitFileType = wrapper.cfbundle; includeInIndex = 0; path = OpenAPI_11stTests.xctest; sourceTree = BUILT_PRODUCTS_DIR; };
		2C3CECA11A8AEC09000D9E3D /* Info.plist */ = {isa = PBXFileReference; lastKnownFileType = text.plist.xml; path = Info.plist; sourceTree = "<group>"; };
		2C3CECA21A8AEC09000D9E3D /* OpenAPI_11stTests.swift */ = {isa = PBXFileReference; lastKnownFileType = sourcecode.swift; path = OpenAPI_11stTests.swift; sourceTree = "<group>"; };
		2C3CECAC1A8AEC37000D9E3D /* Model.swift */ = {isa = PBXFileReference; fileEncoding = 4; lastKnownFileType = sourcecode.swift; path = Model.swift; sourceTree = "<group>"; };
		2C9CF7881A8B3B72001CDD7F /* DetailViewController.swift */ = {isa = PBXFileReference; fileEncoding = 4; lastKnownFileType = sourcecode.swift; path = DetailViewController.swift; sourceTree = "<group>"; };
/* End PBXFileReference section */

/* Begin PBXFrameworksBuildPhase section */
		2C3CEC841A8AEC09000D9E3D /* Frameworks */ = {
			isa = PBXFrameworksBuildPhase;
			buildActionMask = 2147483647;
			files = (
			);
			runOnlyForDeploymentPostprocessing = 0;
		};
		2C3CEC991A8AEC09000D9E3D /* Frameworks */ = {
			isa = PBXFrameworksBuildPhase;
			buildActionMask = 2147483647;
			files = (
			);
			runOnlyForDeploymentPostprocessing = 0;
		};
/* End PBXFrameworksBuildPhase section */

/* Begin PBXGroup section */
		2C3CEC7E1A8AEC09000D9E3D = {
			isa = PBXGroup;
			children = (
				2C3CEC891A8AEC09000D9E3D /* OpenAPI_11st */,
				2C3CEC9F1A8AEC09000D9E3D /* OpenAPI_11stTests */,
				2C3CEC881A8AEC09000D9E3D /* Products */,
			);
			sourceTree = "<group>";
		};
		2C3CEC881A8AEC09000D9E3D /* Products */ = {
			isa = PBXGroup;
			children = (
				2C3CEC871A8AEC09000D9E3D /* OpenAPI_11st.app */,
				2C3CEC9C1A8AEC09000D9E3D /* OpenAPI_11stTests.xctest */,
			);
			name = Products;
			sourceTree = "<group>";
		};
		2C3CEC891A8AEC09000D9E3D /* OpenAPI_11st */ = {
			isa = PBXGroup;
			children = (
				2C3CEC8C1A8AEC09000D9E3D /* AppDelegate.swift */,
				2C3CEC8E1A8AEC09000D9E3D /* ViewController.swift */,
				2C3CEC901A8AEC09000D9E3D /* Main.storyboard */,
				2C3CEC931A8AEC09000D9E3D /* Images.xcassets */,
				2C3CEC951A8AEC09000D9E3D /* LaunchScreen.xib */,
				2C3CEC8A1A8AEC09000D9E3D /* Supporting Files */,
				2C3CECAC1A8AEC37000D9E3D /* Model.swift */,
				2C9CF7881A8B3B72001CDD7F /* DetailViewController.swift */,
			);
			path = OpenAPI_11st;
			sourceTree = "<group>";
		};
		2C3CEC8A1A8AEC09000D9E3D /* Supporting Files */ = {
			isa = PBXGroup;
			children = (
				2C3CEC8B1A8AEC09000D9E3D /* Info.plist */,
			);
			name = "Supporting Files";
			sourceTree = "<group>";
		};
		2C3CEC9F1A8AEC09000D9E3D /* OpenAPI_11stTests */ = {
			isa = PBXGroup;
			children = (
				2C3CECA21A8AEC09000D9E3D /* OpenAPI_11stTests.swift */,
				2C3CECA01A8AEC09000D9E3D /* Supporting Files */,
			);
			path = OpenAPI_11stTests;
			sourceTree = "<group>";
		};
		2C3CECA01A8AEC09000D9E3D /* Supporting Files */ = {
			isa = PBXGroup;
			children = (
				2C3CECA11A8AEC09000D9E3D /* Info.plist */,
			);
			name = "Supporting Files";
			sourceTree = "<group>";
		};
/* End PBXGroup section */

/* Begin PBXNativeTarget section */
		2C3CEC861A8AEC09000D9E3D /* OpenAPI_11st */ = {
			isa = PBXNativeTarget;
			buildConfigurationList = 2C3CECA61A8AEC09000D9E3D /* Build configuration list for PBXNativeTarget "OpenAPI_11st" */;
			buildPhases = (
				2C3CEC831A8AEC09000D9E3D /* Sources */,
				2C3CEC841A8AEC09000D9E3D /* Frameworks */,
				2C3CEC851A8AEC09000D9E3D /* Resources */,
			);
			buildRules = (
			);
			dependencies = (
			);
			name = OpenAPI_11st;
			productName = OpenAPI_11st;
			productReference = 2C3CEC871A8AEC09000D9E3D /* OpenAPI_11st.app */;
			productType = "com.apple.product-type.application";
		};
		2C3CEC9B1A8AEC09000D9E3D /* OpenAPI_11stTests */ = {
			isa = PBXNativeTarget;
			buildConfigurationList = 2C3CECA91A8AEC09000D9E3D /* Build configuration list for PBXNativeTarget "OpenAPI_11stTests" */;
			buildPhases = (
				2C3CEC981A8AEC09000D9E3D /* Sources */,
				2C3CEC991A8AEC09000D9E3D /* Frameworks */,
				2C3CEC9A1A8AEC09000D9E3D /* Resources */,
			);
			buildRules = (
			);
			dependencies = (
				2C3CEC9E1A8AEC09000D9E3D /* PBXTargetDependency */,
			);
			name = OpenAPI_11stTests;
			productName = OpenAPI_11stTests;
			productReference = 2C3CEC9C1A8AEC09000D9E3D /* OpenAPI_11stTests.xctest */;
			productType = "com.apple.product-type.bundle.unit-test";
		};
/* End PBXNativeTarget section */

/* Begin PBXProject section */
		2C3CEC7F1A8AEC09000D9E3D /* Project object */ = {
			isa = PBXProject;
			attributes = {
				LastUpgradeCheck = 0630;
				ORGANIZATIONNAME = VanillaStep;
				TargetAttributes = {
					2C3CEC861A8AEC09000D9E3D = {
						CreatedOnToolsVersion = 6.3;
					};
					2C3CEC9B1A8AEC09000D9E3D = {
						CreatedOnToolsVersion = 6.3;
						TestTargetID = 2C3CEC861A8AEC09000D9E3D;
					};
				};
			};
			buildConfigurationList = 2C3CEC821A8AEC09000D9E3D /* Build configuration list for PBXProject "OpenAPI_11st" */;
			compatibilityVersion = "Xcode 3.2";
			developmentRegion = English;
			hasScannedForEncodings = 0;
			knownRegions = (
				en,
				Base,
			);
			mainGroup = 2C3CEC7E1A8AEC09000D9E3D;
			productRefGroup = 2C3CEC881A8AEC09000D9E3D /* Products */;
			projectDirPath = "";
			projectRoot = "";
			targets = (
				2C3CEC861A8AEC09000D9E3D /* OpenAPI_11st */,
				2C3CEC9B1A8AEC09000D9E3D /* OpenAPI_11stTests */,
			);
		};
/* End PBXProject section */

/* Begin PBXResourcesBuildPhase section */
		2C3CEC851A8AEC09000D9E3D /* Resources */ = {
			isa = PBXResourcesBuildPhase;
			buildActionMask = 2147483647;
			files = (
				2C3CEC921A8AEC09000D9E3D /* Main.storyboard in Resources */,
				2C3CEC971A8AEC09000D9E3D /* LaunchScreen.xib in Resources */,
				2C3CEC941A8AEC09000D9E3D /* Images.xcassets in Resources */,
			);
			runOnlyForDeploymentPostprocessing = 0;
		};
		2C3CEC9A1A8AEC09000D9E3D /* Resources */ = {
			isa = PBXResourcesBuildPhase;
			buildActionMask = 2147483647;
			files = (
			);
			runOnlyForDeploymentPostprocessing = 0;
		};
/* End PBXResourcesBuildPhase section */

/* Begin PBXSourcesBuildPhase section */
		2C3CEC831A8AEC09000D9E3D /* Sources */ = {
			isa = PBXSourcesBuildPhase;
			buildActionMask = 2147483647;
			files = (
				2C3CECAD1A8AEC37000D9E3D /* Model.swift in Sources */,
				2C3CEC8F1A8AEC09000D9E3D /* ViewController.swift in Sources */,
				2C3CEC8D1A8AEC09000D9E3D /* AppDelegate.swift in Sources */,
				2C9CF7891A8B3B72001CDD7F /* DetailViewController.swift in Sources */,
			);
			runOnlyForDeploymentPostprocessing = 0;
		};
		2C3CEC981A8AEC09000D9E3D /* Sources */ = {
			isa = PBXSourcesBuildPhase;
			buildActionMask = 2147483647;
			files = (
				2C3CECA31A8AEC09000D9E3D /* OpenAPI_11stTests.swift in Sources */,
			);
			runOnlyForDeploymentPostprocessing = 0;
		};
/* End PBXSourcesBuildPhase section */

/* Begin PBXTargetDependency section */
		2C3CEC9E1A8AEC09000D9E3D /* PBXTargetDependency */ = {
			isa = PBXTargetDependency;
			target = 2C3CEC861A8AEC09000D9E3D /* OpenAPI_11st */;
			targetProxy = 2C3CEC9D1A8AEC09000D9E3D /* PBXContainerItemProxy */;
		};
/* End PBXTargetDependency section */

/* Begin PBXVariantGroup section */
		2C3CEC901A8AEC09000D9E3D /* Main.storyboard */ = {
			isa = PBXVariantGroup;
			children = (
				2C3CEC911A8AEC09000D9E3D /* Base */,
			);
			name = Main.storyboard;
			sourceTree = "<group>";
		};
		2C3CEC951A8AEC09000D9E3D /* LaunchScreen.xib */ = {
			isa = PBXVariantGroup;
			children = (
				2C3CEC961A8AEC09000D9E3D /* Base */,
			);
			name = LaunchScreen.xib;
			sourceTree = "<group>";
		};
/* End PBXVariantGroup section */

/* Begin XCBuildConfiguration section */
		2C3CECA41A8AEC09000D9E3D /* Debug */ = {
			isa = XCBuildConfiguration;
			buildSettings = {
				ALWAYS_SEARCH_USER_PATHS = NO;
				CLANG_CXX_LANGUAGE_STANDARD = "gnu++0x";
				CLANG_CXX_LIBRARY = "libc++";
				CLANG_ENABLE_MODULES = YES;
				CLANG_ENABLE_OBJC_ARC = YES;
				CLANG_WARN_BOOL_CONVERSION = YES;
				CLANG_WARN_CONSTANT_CONVERSION = YES;
				CLANG_WARN_DIRECT_OBJC_ISA_USAGE = YES_ERROR;
				CLANG_WARN_EMPTY_BODY = YES;
				CLANG_WARN_ENUM_CONVERSION = YES;
				CLANG_WARN_INT_CONVERSION = YES;
				CLANG_WARN_OBJC_ROOT_CLASS = YES_ERROR;
				CLANG_WARN_UNREACHABLE_CODE = YES;
				CLANG_WARN__DUPLICATE_METHOD_MATCH = YES;
				"CODE_SIGN_IDENTITY[sdk=iphoneos*]" = "iPhone Developer";
				COPY_PHASE_STRIP = NO;
				DEBUG_INFORMATION_FORMAT = dwarf;
				ENABLE_STRICT_OBJC_MSGSEND = YES;
				GCC_C_LANGUAGE_STANDARD = gnu99;
				GCC_DYNAMIC_NO_PIC = NO;
				GCC_OPTIMIZATION_LEVEL = 0;
				GCC_PREPROCESSOR_DEFINITIONS = (
					"DEBUG=1",
					"$(inherited)",
				);
				GCC_SYMBOLS_PRIVATE_EXTERN = NO;
				GCC_WARN_64_TO_32_BIT_CONVERSION = YES;
				GCC_WARN_ABOUT_RETURN_TYPE = YES_ERROR;
				GCC_WARN_UNDECLARED_SELECTOR = YES;
				GCC_WARN_UNINITIALIZED_AUTOS = YES_AGGRESSIVE;
				GCC_WARN_UNUSED_FUNCTION = YES;
				GCC_WARN_UNUSED_VARIABLE = YES;
				IPHONEOS_DEPLOYMENT_TARGET = 8.1;
				MTL_ENABLE_DEBUG_INFO = YES;
				ONLY_ACTIVE_ARCH = YES;
				SDKROOT = iphoneos;
				SWIFT_OPTIMIZATION_LEVEL = "-Onone";
			};
			name = Debug;
		};
		2C3CECA51A8AEC09000D9E3D /* Release */ = {
			isa = XCBuildConfiguration;
			buildSettings = {
				ALWAYS_SEARCH_USER_PATHS = NO;
				CLANG_CXX_LANGUAGE_STANDARD = "gnu++0x";
				CLANG_CXX_LIBRARY = "libc++";
				CLANG_ENABLE_MODULES = YES;
				CLANG_ENABLE_OBJC_ARC = YES;
				CLANG_WARN_BOOL_CONVERSION = YES;
				CLANG_WARN_CONSTANT_CONVERSION = YES;
				CLANG_WARN_DIRECT_OBJC_ISA_USAGE = YES_ERROR;
				CLANG_WARN_EMPTY_BODY = YES;
				CLANG_WARN_ENUM_CONVERSION = YES;
				CLANG_WARN_INT_CONVERSION = YES;
				CLANG_WARN_OBJC_ROOT_CLASS = YES_ERROR;
				CLANG_WARN_UNREACHABLE_CODE = YES;
				CLANG_WARN__DUPLICATE_METHOD_MATCH = YES;
				"CODE_SIGN_IDENTITY[sdk=iphoneos*]" = "iPhone Developer";
				COPY_PHASE_STRIP = NO;
				DEBUG_INFORMATION_FORMAT = "dwarf-with-dsym";
				ENABLE_NS_ASSERTIONS = NO;
				ENABLE_STRICT_OBJC_MSGSEND = YES;
				GCC_C_LANGUAGE_STANDARD = gnu99;
				GCC_WARN_64_TO_32_BIT_CONVERSION = YES;
				GCC_WARN_ABOUT_RETURN_TYPE = YES_ERROR;
				GCC_WARN_UNDECLARED_SELECTOR = YES;
				GCC_WARN_UNINITIALIZED_AUTOS = YES_AGGRESSIVE;
				GCC_WARN_UNUSED_FUNCTION = YES;
				GCC_WARN_UNUSED_VARIABLE = YES;
				IPHONEOS_DEPLOYMENT_TARGET = 8.1;
				MTL_ENABLE_DEBUG_INFO = NO;
				SDKROOT = iphoneos;
				VALIDATE_PRODUCT = YES;
			};
			name = Release;
		};
		2C3CECA71A8AEC09000D9E3D /* Debug */ = {
			isa = XCBuildConfiguration;
			buildSettings = {
				ASSETCATALOG_COMPILER_APPICON_NAME = AppIcon;
				INFOPLIST_FILE = OpenAPI_11st/Info.plist;
				LD_RUNPATH_SEARCH_PATHS = "$(inherited) @executable_path/Frameworks";
				PRODUCT_NAME = "$(TARGET_NAME)";
			};
			name = Debug;
		};
		2C3CECA81A8AEC09000D9E3D /* Release */ = {
			isa = XCBuildConfiguration;
			buildSettings = {
				ASSETCATALOG_COMPILER_APPICON_NAME = AppIcon;
				INFOPLIST_FILE = OpenAPI_11st/Info.plist;
				LD_RUNPATH_SEARCH_PATHS = "$(inherited) @executable_path/Frameworks";
				PRODUCT_NAME = "$(TARGET_NAME)";
			};
			name = Release;
		};
		2C3CECAA1A8AEC09000D9E3D /* Debug */ = {
			isa = XCBuildConfiguration;
			buildSettings = {
				BUNDLE_LOADER = "$(TEST_HOST)";
				FRAMEWORK_SEARCH_PATHS = (
					"$(SDKROOT)/Developer/Library/Frameworks",
					"$(inherited)",
				);
				GCC_PREPROCESSOR_DEFINITIONS = (
					"DEBUG=1",
					"$(inherited)",
				);
				INFOPLIST_FILE = OpenAPI_11stTests/Info.plist;
				LD_RUNPATH_SEARCH_PATHS = "$(inherited) @executable_path/Frameworks @loader_path/Frameworks";
				PRODUCT_NAME = "$(TARGET_NAME)";
				TEST_HOST = "$(BUILT_PRODUCTS_DIR)/OpenAPI_11st.app/OpenAPI_11st";
			};
			name = Debug;
		};
		2C3CECAB1A8AEC09000D9E3D /* Release */ = {
			isa = XCBuildConfiguration;
			buildSettings = {
				BUNDLE_LOADER = "$(TEST_HOST)";
				FRAMEWORK_SEARCH_PATHS = (
					"$(SDKROOT)/Developer/Library/Frameworks",
					"$(inherited)",
				);
				INFOPLIST_FILE = OpenAPI_11stTests/Info.plist;
				LD_RUNPATH_SEARCH_PATHS = "$(inherited) @executable_path/Frameworks @loader_path/Frameworks";
				PRODUCT_NAME = "$(TARGET_NAME)";
				TEST_HOST = "$(BUILT_PRODUCTS_DIR)/OpenAPI_11st.app/OpenAPI_11st";
			};
			name = Release;
		};
/* End XCBuildConfiguration section */

/* Begin XCConfigurationList section */
		2C3CEC821A8AEC09000D9E3D /* Build configuration list for PBXProject "OpenAPI_11st" */ = {
			isa = XCConfigurationList;
			buildConfigurations = (
				2C3CECA41A8AEC09000D9E3D /* Debug */,
				2C3CECA51A8AEC09000D9E3D /* Release */,
			);
			defaultConfigurationIsVisible = 0;
			defaultConfigurationName = Release;
		};
		2C3CECA61A8AEC09000D9E3D /* Build configuration list for PBXNativeTarget "OpenAPI_11st" */ = {
			isa = XCConfigurationList;
			buildConfigurations = (
				2C3CECA71A8AEC09000D9E3D /* Debug */,
				2C3CECA81A8AEC09000D9E3D /* Release */,
			);
			defaultConfigurationIsVisible = 0;
			defaultConfigurationName = Release;
		};
		2C3CECA91A8AEC09000D9E3D /* Build configuration list for PBXNativeTarget "OpenAPI_11stTests" */ = {
			isa = XCConfigurationList;
			buildConfigurations = (
				2C3CECAA1A8AEC09000D9E3D /* Debug */,
				2C3CECAB1A8AEC09000D9E3D /* Release */,
			);
			defaultConfigurationIsVisible = 0;
			defaultConfigurationName = Release;
		};
/* End XCConfigurationList section */
	};
	rootObject = 2C3CEC7F1A8AEC09000D9E3D /* Project object */;
}
