// !$*UTF8*$!
{
	archiveVersion = 1;
	classes = {
	};
	objectVersion = 46;
	objects = {

/* Begin PBXBuildFile section */
		2C28BFAD1AB99E9800A12753 /* AppDelegate.swift in Sources */ = {isa = PBXBuildFile; fileRef = 2C28BFAC1AB99E9800A12753 /* AppDelegate.swift */; };
		2C28BFAF1AB99E9800A12753 /* ViewController.swift in Sources */ = {isa = PBXBuildFile; fileRef = 2C28BFAE1AB99E9800A12753 /* ViewController.swift */; };
		2C28BFB21AB99E9800A12753 /* Main.storyboard in Resources */ = {isa = PBXBuildFile; fileRef = 2C28BFB01AB99E9800A12753 /* Main.storyboard */; };
		2C28BFB41AB99E9800A12753 /* Images.xcassets in Resources */ = {isa = PBXBuildFile; fileRef = 2C28BFB31AB99E9800A12753 /* Images.xcassets */; };
		2C28BFB71AB99E9800A12753 /* LaunchScreen.xib in Resources */ = {isa = PBXBuildFile; fileRef = 2C28BFB51AB99E9800A12753 /* LaunchScreen.xib */; };
		2C28BFC31AB99E9800A12753 /* DatePickerTests.swift in Sources */ = {isa = PBXBuildFile; fileRef = 2C28BFC21AB99E9800A12753 /* DatePickerTests.swift */; };
/* End PBXBuildFile section */

/* Begin PBXContainerItemProxy section */
		2C28BFBD1AB99E9800A12753 /* PBXContainerItemProxy */ = {
			isa = PBXContainerItemProxy;
			containerPortal = 2C28BF9F1AB99E9800A12753 /* Project object */;
			proxyType = 1;
			remoteGlobalIDString = 2C28BFA61AB99E9800A12753;
			remoteInfo = DatePicker;
		};
/* End PBXContainerItemProxy section */

/* Begin PBXFileReference section */
		2C28BFA71AB99E9800A12753 /* DatePicker.app */ = {isa = PBXFileReference; explicitFileType = wrapper.application; includeInIndex = 0; path = DatePicker.app; sourceTree = BUILT_PRODUCTS_DIR; };
		2C28BFAB1AB99E9800A12753 /* Info.plist */ = {isa = PBXFileReference; lastKnownFileType = text.plist.xml; path = Info.plist; sourceTree = "<group>"; };
		2C28BFAC1AB99E9800A12753 /* AppDelegate.swift */ = {isa = PBXFileReference; lastKnownFileType = sourcecode.swift; path = AppDelegate.swift; sourceTree = "<group>"; };
		2C28BFAE1AB99E9800A12753 /* ViewController.swift */ = {isa = PBXFileReference; lastKnownFileType = sourcecode.swift; path = ViewController.swift; sourceTree = "<group>"; };
		2C28BFB11AB99E9800A12753 /* Base */ = {isa = PBXFileReference; lastKnownFileType = file.storyboard; name = Base; path = Base.lproj/Main.storyboard; sourceTree = "<group>"; };
		2C28BFB31AB99E9800A12753 /* Images.xcassets */ = {isa = PBXFileReference; lastKnownFileType = folder.assetcatalog; path = Images.xcassets; sourceTree = "<group>"; };
		2C28BFB61AB99E9800A12753 /* Base */ = {isa = PBXFileReference; lastKnownFileType = file.xib; name = Base; path = Base.lproj/LaunchScreen.xib; sourceTree = "<group>"; };
		2C28BFBC1AB99E9800A12753 /* DatePickerTests.xctest */ = {isa = PBXFileReference; explicitFileType = wrapper.cfbundle; includeInIndex = 0; path = DatePickerTests.xctest; sourceTree = BUILT_PRODUCTS_DIR; };
		2C28BFC11AB99E9800A12753 /* Info.plist */ = {isa = PBXFileReference; lastKnownFileType = text.plist.xml; path = Info.plist; sourceTree = "<group>"; };
		2C28BFC21AB99E9800A12753 /* DatePickerTests.swift */ = {isa = PBXFileReference; lastKnownFileType = sourcecode.swift; path = DatePickerTests.swift; sourceTree = "<group>"; };
/* End PBXFileReference section */

/* Begin PBXFrameworksBuildPhase section */
		2C28BFA41AB99E9800A12753 /* Frameworks */ = {
			isa = PBXFrameworksBuildPhase;
			buildActionMask = 2147483647;
			files = (
			);
			runOnlyForDeploymentPostprocessing = 0;
		};
		2C28BFB91AB99E9800A12753 /* Frameworks */ = {
			isa = PBXFrameworksBuildPhase;
			buildActionMask = 2147483647;
			files = (
			);
			runOnlyForDeploymentPostprocessing = 0;
		};
/* End PBXFrameworksBuildPhase section */

/* Begin PBXGroup section */
		2C28BF9E1AB99E9800A12753 = {
			isa = PBXGroup;
			children = (
				2C28BFA91AB99E9800A12753 /* DatePicker */,
				2C28BFBF1AB99E9800A12753 /* DatePickerTests */,
				2C28BFA81AB99E9800A12753 /* Products */,
			);
			sourceTree = "<group>";
		};
		2C28BFA81AB99E9800A12753 /* Products */ = {
			isa = PBXGroup;
			children = (
				2C28BFA71AB99E9800A12753 /* DatePicker.app */,
				2C28BFBC1AB99E9800A12753 /* DatePickerTests.xctest */,
			);
			name = Products;
			sourceTree = "<group>";
		};
		2C28BFA91AB99E9800A12753 /* DatePicker */ = {
			isa = PBXGroup;
			children = (
				2C28BFAC1AB99E9800A12753 /* AppDelegate.swift */,
				2C28BFAE1AB99E9800A12753 /* ViewController.swift */,
				2C28BFB01AB99E9800A12753 /* Main.storyboard */,
				2C28BFB31AB99E9800A12753 /* Images.xcassets */,
				2C28BFB51AB99E9800A12753 /* LaunchScreen.xib */,
				2C28BFAA1AB99E9800A12753 /* Supporting Files */,
			);
			path = DatePicker;
			sourceTree = "<group>";
		};
		2C28BFAA1AB99E9800A12753 /* Supporting Files */ = {
			isa = PBXGroup;
			children = (
				2C28BFAB1AB99E9800A12753 /* Info.plist */,
			);
			name = "Supporting Files";
			sourceTree = "<group>";
		};
		2C28BFBF1AB99E9800A12753 /* DatePickerTests */ = {
			isa = PBXGroup;
			children = (
				2C28BFC21AB99E9800A12753 /* DatePickerTests.swift */,
				2C28BFC01AB99E9800A12753 /* Supporting Files */,
			);
			path = DatePickerTests;
			sourceTree = "<group>";
		};
		2C28BFC01AB99E9800A12753 /* Supporting Files */ = {
			isa = PBXGroup;
			children = (
				2C28BFC11AB99E9800A12753 /* Info.plist */,
			);
			name = "Supporting Files";
			sourceTree = "<group>";
		};
/* End PBXGroup section */

/* Begin PBXNativeTarget section */
		2C28BFA61AB99E9800A12753 /* DatePicker */ = {
			isa = PBXNativeTarget;
			buildConfigurationList = 2C28BFC61AB99E9800A12753 /* Build configuration list for PBXNativeTarget "DatePicker" */;
			buildPhases = (
				2C28BFA31AB99E9800A12753 /* Sources */,
				2C28BFA41AB99E9800A12753 /* Frameworks */,
				2C28BFA51AB99E9800A12753 /* Resources */,
			);
			buildRules = (
			);
			dependencies = (
			);
			name = DatePicker;
			productName = DatePicker;
			productReference = 2C28BFA71AB99E9800A12753 /* DatePicker.app */;
			productType = "com.apple.product-type.application";
		};
		2C28BFBB1AB99E9800A12753 /* DatePickerTests */ = {
			isa = PBXNativeTarget;
			buildConfigurationList = 2C28BFC91AB99E9800A12753 /* Build configuration list for PBXNativeTarget "DatePickerTests" */;
			buildPhases = (
				2C28BFB81AB99E9800A12753 /* Sources */,
				2C28BFB91AB99E9800A12753 /* Frameworks */,
				2C28BFBA1AB99E9800A12753 /* Resources */,
			);
			buildRules = (
			);
			dependencies = (
				2C28BFBE1AB99E9800A12753 /* PBXTargetDependency */,
			);
			name = DatePickerTests;
			productName = DatePickerTests;
			productReference = 2C28BFBC1AB99E9800A12753 /* DatePickerTests.xctest */;
			productType = "com.apple.product-type.bundle.unit-test";
		};
/* End PBXNativeTarget section */

/* Begin PBXProject section */
		2C28BF9F1AB99E9800A12753 /* Project object */ = {
			isa = PBXProject;
			attributes = {
				LastUpgradeCheck = 0620;
				ORGANIZATIONNAME = VanillaStep;
				TargetAttributes = {
					2C28BFA61AB99E9800A12753 = {
						CreatedOnToolsVersion = 6.2;
					};
					2C28BFBB1AB99E9800A12753 = {
						CreatedOnToolsVersion = 6.2;
						TestTargetID = 2C28BFA61AB99E9800A12753;
					};
				};
			};
			buildConfigurationList = 2C28BFA21AB99E9800A12753 /* Build configuration list for PBXProject "DatePicker" */;
			compatibilityVersion = "Xcode 3.2";
			developmentRegion = English;
			hasScannedForEncodings = 0;
			knownRegions = (
				en,
				Base,
			);
			mainGroup = 2C28BF9E1AB99E9800A12753;
			productRefGroup = 2C28BFA81AB99E9800A12753 /* Products */;
			projectDirPath = "";
			projectRoot = "";
			targets = (
				2C28BFA61AB99E9800A12753 /* DatePicker */,
				2C28BFBB1AB99E9800A12753 /* DatePickerTests */,
			);
		};
/* End PBXProject section */

/* Begin PBXResourcesBuildPhase section */
		2C28BFA51AB99E9800A12753 /* Resources */ = {
			isa = PBXResourcesBuildPhase;
			buildActionMask = 2147483647;
			files = (
				2C28BFB21AB99E9800A12753 /* Main.storyboard in Resources */,
				2C28BFB71AB99E9800A12753 /* LaunchScreen.xib in Resources */,
				2C28BFB41AB99E9800A12753 /* Images.xcassets in Resources */,
			);
			runOnlyForDeploymentPostprocessing = 0;
		};
		2C28BFBA1AB99E9800A12753 /* Resources */ = {
			isa = PBXResourcesBuildPhase;
			buildActionMask = 2147483647;
			files = (
			);
			runOnlyForDeploymentPostprocessing = 0;
		};
/* End PBXResourcesBuildPhase section */

/* Begin PBXSourcesBuildPhase section */
		2C28BFA31AB99E9800A12753 /* Sources */ = {
			isa = PBXSourcesBuildPhase;
			buildActionMask = 2147483647;
			files = (
				2C28BFAF1AB99E9800A12753 /* ViewController.swift in Sources */,
				2C28BFAD1AB99E9800A12753 /* AppDelegate.swift in Sources */,
			);
			runOnlyForDeploymentPostprocessing = 0;
		};
		2C28BFB81AB99E9800A12753 /* Sources */ = {
			isa = PBXSourcesBuildPhase;
			buildActionMask = 2147483647;
			files = (
				2C28BFC31AB99E9800A12753 /* DatePickerTests.swift in Sources */,
			);
			runOnlyForDeploymentPostprocessing = 0;
		};
/* End PBXSourcesBuildPhase section */

/* Begin PBXTargetDependency section */
		2C28BFBE1AB99E9800A12753 /* PBXTargetDependency */ = {
			isa = PBXTargetDependency;
			target = 2C28BFA61AB99E9800A12753 /* DatePicker */;
			targetProxy = 2C28BFBD1AB99E9800A12753 /* PBXContainerItemProxy */;
		};
/* End PBXTargetDependency section */

/* Begin PBXVariantGroup section */
		2C28BFB01AB99E9800A12753 /* Main.storyboard */ = {
			isa = PBXVariantGroup;
			children = (
				2C28BFB11AB99E9800A12753 /* Base */,
			);
			name = Main.storyboard;
			sourceTree = "<group>";
		};
		2C28BFB51AB99E9800A12753 /* LaunchScreen.xib */ = {
			isa = PBXVariantGroup;
			children = (
				2C28BFB61AB99E9800A12753 /* Base */,
			);
			name = LaunchScreen.xib;
			sourceTree = "<group>";
		};
/* End PBXVariantGroup section */

/* Begin XCBuildConfiguration section */
		2C28BFC41AB99E9800A12753 /* Debug */ = {
			isa = XCBuildConfiguration;
			buildSettings = {
				ALWAYS_SEARCH_USER_PATHS = NO;
				CLANG_CXX_LANGUAGE_STANDARD = "gnu++0x";
				CLANG_CXX_LIBRARY = "libc++";
				CLANG_ENABLE_MODULES = YES;
				CLANG_ENABLE_OBJC_ARC = YES;
				CLANG_WARN_BOOL_CONVERSION = YES;
				CLANG_WARN_CONSTANT_CONVERSION = YES;
				CLANG_WARN_DIRECT_OBJC_ISA_USAGE = YES_ERROR;
				CLANG_WARN_EMPTY_BODY = YES;
				CLANG_WARN_ENUM_CONVERSION = YES;
				CLANG_WARN_INT_CONVERSION = YES;
				CLANG_WARN_OBJC_ROOT_CLASS = YES_ERROR;
				CLANG_WARN_UNREACHABLE_CODE = YES;
				CLANG_WARN__DUPLICATE_METHOD_MATCH = YES;
				"CODE_SIGN_IDENTITY[sdk=iphoneos*]" = "iPhone Developer";
				COPY_PHASE_STRIP = NO;
				ENABLE_STRICT_OBJC_MSGSEND = YES;
				GCC_C_LANGUAGE_STANDARD = gnu99;
				GCC_DYNAMIC_NO_PIC = NO;
				GCC_OPTIMIZATION_LEVEL = 0;
				GCC_PREPROCESSOR_DEFINITIONS = (
					"DEBUG=1",
					"$(inherited)",
				);
				GCC_SYMBOLS_PRIVATE_EXTERN = NO;
				GCC_WARN_64_TO_32_BIT_CONVERSION = YES;
				GCC_WARN_ABOUT_RETURN_TYPE = YES_ERROR;
				GCC_WARN_UNDECLARED_SELECTOR = YES;
				GCC_WARN_UNINITIALIZED_AUTOS = YES_AGGRESSIVE;
				GCC_WARN_UNUSED_FUNCTION = YES;
				GCC_WARN_UNUSED_VARIABLE = YES;
				IPHONEOS_DEPLOYMENT_TARGET = 8.2;
				MTL_ENABLE_DEBUG_INFO = YES;
				ONLY_ACTIVE_ARCH = YES;
				SDKROOT = iphoneos;
				SWIFT_OPTIMIZATION_LEVEL = "-Onone";
			};
			name = Debug;
		};
		2C28BFC51AB99E9800A12753 /* Release */ = {
			isa = XCBuildConfiguration;
			buildSettings = {
				ALWAYS_SEARCH_USER_PATHS = NO;
				CLANG_CXX_LANGUAGE_STANDARD = "gnu++0x";
				CLANG_CXX_LIBRARY = "libc++";
				CLANG_ENABLE_MODULES = YES;
				CLANG_ENABLE_OBJC_ARC = YES;
				CLANG_WARN_BOOL_CONVERSION = YES;
				CLANG_WARN_CONSTANT_CONVERSION = YES;
				CLANG_WARN_DIRECT_OBJC_ISA_USAGE = YES_ERROR;
				CLANG_WARN_EMPTY_BODY = YES;
				CLANG_WARN_ENUM_CONVERSION = YES;
				CLANG_WARN_INT_CONVERSION = YES;
				CLANG_WARN_OBJC_ROOT_CLASS = YES_ERROR;
				CLANG_WARN_UNREACHABLE_CODE = YES;
				CLANG_WARN__DUPLICATE_METHOD_MATCH = YES;
				"CODE_SIGN_IDENTITY[sdk=iphoneos*]" = "iPhone Developer";
				COPY_PHASE_STRIP = NO;
				ENABLE_NS_ASSERTIONS = NO;
				ENABLE_STRICT_OBJC_MSGSEND = YES;
				GCC_C_LANGUAGE_STANDARD = gnu99;
				GCC_WARN_64_TO_32_BIT_CONVERSION = YES;
				GCC_WARN_ABOUT_RETURN_TYPE = YES_ERROR;
				GCC_WARN_UNDECLARED_SELECTOR = YES;
				GCC_WARN_UNINITIALIZED_AUTOS = YES_AGGRESSIVE;
				GCC_WARN_UNUSED_FUNCTION = YES;
				GCC_WARN_UNUSED_VARIABLE = YES;
				IPHONEOS_DEPLOYMENT_TARGET = 8.2;
				MTL_ENABLE_DEBUG_INFO = NO;
				SDKROOT = iphoneos;
				VALIDATE_PRODUCT = YES;
			};
			name = Release;
		};
		2C28BFC71AB99E9800A12753 /* Debug */ = {
			isa = XCBuildConfiguration;
			buildSettings = {
				ASSETCATALOG_COMPILER_APPICON_NAME = AppIcon;
				INFOPLIST_FILE = DatePicker/Info.plist;
				LD_RUNPATH_SEARCH_PATHS = "$(inherited) @executable_path/Frameworks";
				PRODUCT_NAME = "$(TARGET_NAME)";
			};
			name = Debug;
		};
		2C28BFC81AB99E9800A12753 /* Release */ = {
			isa = XCBuildConfiguration;
			buildSettings = {
				ASSETCATALOG_COMPILER_APPICON_NAME = AppIcon;
				INFOPLIST_FILE = DatePicker/Info.plist;
				LD_RUNPATH_SEARCH_PATHS = "$(inherited) @executable_path/Frameworks";
				PRODUCT_NAME = "$(TARGET_NAME)";
			};
			name = Release;
		};
		2C28BFCA1AB99E9800A12753 /* Debug */ = {
			isa = XCBuildConfiguration;
			buildSettings = {
				BUNDLE_LOADER = "$(TEST_HOST)";
				FRAMEWORK_SEARCH_PATHS = (
					"$(SDKROOT)/Developer/Library/Frameworks",
					"$(inherited)",
				);
				GCC_PREPROCESSOR_DEFINITIONS = (
					"DEBUG=1",
					"$(inherited)",
				);
				INFOPLIST_FILE = DatePickerTests/Info.plist;
				LD_RUNPATH_SEARCH_PATHS = "$(inherited) @executable_path/Frameworks @loader_path/Frameworks";
				PRODUCT_NAME = "$(TARGET_NAME)";
				TEST_HOST = "$(BUILT_PRODUCTS_DIR)/DatePicker.app/DatePicker";
			};
			name = Debug;
		};
		2C28BFCB1AB99E9800A12753 /* Release */ = {
			isa = XCBuildConfiguration;
			buildSettings = {
				BUNDLE_LOADER = "$(TEST_HOST)";
				FRAMEWORK_SEARCH_PATHS = (
					"$(SDKROOT)/Developer/Library/Frameworks",
					"$(inherited)",
				);
				INFOPLIST_FILE = DatePickerTests/Info.plist;
				LD_RUNPATH_SEARCH_PATHS = "$(inherited) @executable_path/Frameworks @loader_path/Frameworks";
				PRODUCT_NAME = "$(TARGET_NAME)";
				TEST_HOST = "$(BUILT_PRODUCTS_DIR)/DatePicker.app/DatePicker";
			};
			name = Release;
		};
/* End XCBuildConfiguration section */

/* Begin XCConfigurationList section */
		2C28BFA21AB99E9800A12753 /* Build configuration list for PBXProject "DatePicker" */ = {
			isa = XCConfigurationList;
			buildConfigurations = (
				2C28BFC41AB99E9800A12753 /* Debug */,
				2C28BFC51AB99E9800A12753 /* Release */,
			);
			defaultConfigurationIsVisible = 0;
			defaultConfigurationName = Release;
		};
		2C28BFC61AB99E9800A12753 /* Build configuration list for PBXNativeTarget "DatePicker" */ = {
			isa = XCConfigurationList;
			buildConfigurations = (
				2C28BFC71AB99E9800A12753 /* Debug */,
				2C28BFC81AB99E9800A12753 /* Release */,
			);
			defaultConfigurationIsVisible = 0;
		};
		2C28BFC91AB99E9800A12753 /* Build configuration list for PBXNativeTarget "DatePickerTests" */ = {
			isa = XCConfigurationList;
			buildConfigurations = (
				2C28BFCA1AB99E9800A12753 /* Debug */,
				2C28BFCB1AB99E9800A12753 /* Release */,
			);
			defaultConfigurationIsVisible = 0;
		};
/* End XCConfigurationList section */
	};
	rootObject = 2C28BF9F1AB99E9800A12753 /* Project object */;
}
