// !$*UTF8*$!
{
	archiveVersion = 1;
	classes = {
	};
	objectVersion = 46;
	objects = {

/* Begin PBXBuildFile section */
		2C1104061352196600477403 /* UIKit.framework in Frameworks */ = {isa = PBXBuildFile; fileRef = 2C1104051352196600477403 /* UIKit.framework */; };
		2C1104081352196600477403 /* Foundation.framework in Frameworks */ = {isa = PBXBuildFile; fileRef = 2C1104071352196600477403 /* Foundation.framework */; };
		2C11040A1352196600477403 /* CoreGraphics.framework in Frameworks */ = {isa = PBXBuildFile; fileRef = 2C1104091352196600477403 /* CoreGraphics.framework */; };
		2C1104101352196600477403 /* InfoPlist.strings in Resources */ = {isa = PBXBuildFile; fileRef = 2C11040E1352196600477403 /* InfoPlist.strings */; };
		2C1104131352196600477403 /* main.m in Sources */ = {isa = PBXBuildFile; fileRef = 2C1104121352196600477403 /* main.m */; };
		2C1104161352196600477403 /* ImageGalleryAppDelegate.m in Sources */ = {isa = PBXBuildFile; fileRef = 2C1104151352196600477403 /* ImageGalleryAppDelegate.m */; };
		2C1104191352196600477403 /* MainWindow.xib in Resources */ = {isa = PBXBuildFile; fileRef = 2C1104171352196600477403 /* MainWindow.xib */; };
		2C11041C1352196600477403 /* ImageGalleryViewController.m in Sources */ = {isa = PBXBuildFile; fileRef = 2C11041B1352196600477403 /* ImageGalleryViewController.m */; };
		2C11041F1352196600477403 /* ImageGalleryViewController.xib in Resources */ = {isa = PBXBuildFile; fileRef = 2C11041D1352196600477403 /* ImageGalleryViewController.xib */; };
		2C11042F135219B400477403 /* image0.jpg in Resources */ = {isa = PBXBuildFile; fileRef = 2C110426135219B400477403 /* image0.jpg */; };
		2C110430135219B400477403 /* image1.jpg in Resources */ = {isa = PBXBuildFile; fileRef = 2C110427135219B400477403 /* image1.jpg */; };
		2C110431135219B400477403 /* image2.jpg in Resources */ = {isa = PBXBuildFile; fileRef = 2C110428135219B400477403 /* image2.jpg */; };
		2C110432135219B400477403 /* image3.jpg in Resources */ = {isa = PBXBuildFile; fileRef = 2C110429135219B400477403 /* image3.jpg */; };
		2C110433135219B400477403 /* image4.jpg in Resources */ = {isa = PBXBuildFile; fileRef = 2C11042A135219B400477403 /* image4.jpg */; };
		2C110434135219B400477403 /* left_1.png in Resources */ = {isa = PBXBuildFile; fileRef = 2C11042B135219B400477403 /* left_1.png */; };
		2C110435135219B400477403 /* left_2.png in Resources */ = {isa = PBXBuildFile; fileRef = 2C11042C135219B400477403 /* left_2.png */; };
		2C110436135219B400477403 /* right_1.png in Resources */ = {isa = PBXBuildFile; fileRef = 2C11042D135219B400477403 /* right_1.png */; };
		2C110437135219B400477403 /* right_2.png in Resources */ = {isa = PBXBuildFile; fileRef = 2C11042E135219B400477403 /* right_2.png */; };
		2C11043B135219BF00477403 /* Default.png in Resources */ = {isa = PBXBuildFile; fileRef = 2C110438135219BF00477403 /* Default.png */; };
		2C11043C135219BF00477403 /* Icon.png in Resources */ = {isa = PBXBuildFile; fileRef = 2C110439135219BF00477403 /* Icon.png */; };
		2C11043D135219BF00477403 /* Icon@2x.png in Resources */ = {isa = PBXBuildFile; fileRef = 2C11043A135219BF00477403 /* Icon@2x.png */; };
/* End PBXBuildFile section */

/* Begin PBXFileReference section */
		2C1104011352196600477403 /* ImageGallery.app */ = {isa = PBXFileReference; explicitFileType = wrapper.application; includeInIndex = 0; path = ImageGallery.app; sourceTree = BUILT_PRODUCTS_DIR; };
		2C1104051352196600477403 /* UIKit.framework */ = {isa = PBXFileReference; lastKnownFileType = wrapper.framework; name = UIKit.framework; path = System/Library/Frameworks/UIKit.framework; sourceTree = SDKROOT; };
		2C1104071352196600477403 /* Foundation.framework */ = {isa = PBXFileReference; lastKnownFileType = wrapper.framework; name = Foundation.framework; path = System/Library/Frameworks/Foundation.framework; sourceTree = SDKROOT; };
		2C1104091352196600477403 /* CoreGraphics.framework */ = {isa = PBXFileReference; lastKnownFileType = wrapper.framework; name = CoreGraphics.framework; path = System/Library/Frameworks/CoreGraphics.framework; sourceTree = SDKROOT; };
		2C11040D1352196600477403 /* ImageGallery-Info.plist */ = {isa = PBXFileReference; lastKnownFileType = text.plist.xml; path = "ImageGallery-Info.plist"; sourceTree = "<group>"; };
		2C11040F1352196600477403 /* en */ = {isa = PBXFileReference; lastKnownFileType = text.plist.strings; name = en; path = en.lproj/InfoPlist.strings; sourceTree = "<group>"; };
		2C1104111352196600477403 /* ImageGallery-Prefix.pch */ = {isa = PBXFileReference; lastKnownFileType = sourcecode.c.h; path = "ImageGallery-Prefix.pch"; sourceTree = "<group>"; };
		2C1104121352196600477403 /* main.m */ = {isa = PBXFileReference; lastKnownFileType = sourcecode.c.objc; path = main.m; sourceTree = "<group>"; };
		2C1104141352196600477403 /* ImageGalleryAppDelegate.h */ = {isa = PBXFileReference; lastKnownFileType = sourcecode.c.h; path = ImageGalleryAppDelegate.h; sourceTree = "<group>"; };
		2C1104151352196600477403 /* ImageGalleryAppDelegate.m */ = {isa = PBXFileReference; lastKnownFileType = sourcecode.c.objc; path = ImageGalleryAppDelegate.m; sourceTree = "<group>"; };
		2C1104181352196600477403 /* en */ = {isa = PBXFileReference; lastKnownFileType = file.xib; name = en; path = en.lproj/MainWindow.xib; sourceTree = "<group>"; };
		2C11041A1352196600477403 /* ImageGalleryViewController.h */ = {isa = PBXFileReference; lastKnownFileType = sourcecode.c.h; path = ImageGalleryViewController.h; sourceTree = "<group>"; };
		2C11041B1352196600477403 /* ImageGalleryViewController.m */ = {isa = PBXFileReference; lastKnownFileType = sourcecode.c.objc; path = ImageGalleryViewController.m; sourceTree = "<group>"; };
		2C11041E1352196600477403 /* en */ = {isa = PBXFileReference; lastKnownFileType = file.xib; name = en; path = en.lproj/ImageGalleryViewController.xib; sourceTree = "<group>"; };
		2C110426135219B400477403 /* image0.jpg */ = {isa = PBXFileReference; lastKnownFileType = image.jpeg; path = image0.jpg; sourceTree = "<group>"; };
		2C110427135219B400477403 /* image1.jpg */ = {isa = PBXFileReference; lastKnownFileType = image.jpeg; path = image1.jpg; sourceTree = "<group>"; };
		2C110428135219B400477403 /* image2.jpg */ = {isa = PBXFileReference; lastKnownFileType = image.jpeg; path = image2.jpg; sourceTree = "<group>"; };
		2C110429135219B400477403 /* image3.jpg */ = {isa = PBXFileReference; lastKnownFileType = image.jpeg; path = image3.jpg; sourceTree = "<group>"; };
		2C11042A135219B400477403 /* image4.jpg */ = {isa = PBXFileReference; lastKnownFileType = image.jpeg; path = image4.jpg; sourceTree = "<group>"; };
		2C11042B135219B400477403 /* left_1.png */ = {isa = PBXFileReference; lastKnownFileType = image.png; path = left_1.png; sourceTree = "<group>"; };
		2C11042C135219B400477403 /* left_2.png */ = {isa = PBXFileReference; lastKnownFileType = image.png; path = left_2.png; sourceTree = "<group>"; };
		2C11042D135219B400477403 /* right_1.png */ = {isa = PBXFileReference; lastKnownFileType = image.png; path = right_1.png; sourceTree = "<group>"; };
		2C11042E135219B400477403 /* right_2.png */ = {isa = PBXFileReference; lastKnownFileType = image.png; path = right_2.png; sourceTree = "<group>"; };
		2C110438135219BF00477403 /* Default.png */ = {isa = PBXFileReference; lastKnownFileType = image.png; path = Default.png; sourceTree = "<group>"; };
		2C110439135219BF00477403 /* Icon.png */ = {isa = PBXFileReference; lastKnownFileType = image.png; path = Icon.png; sourceTree = "<group>"; };
		2C11043A135219BF00477403 /* Icon@2x.png */ = {isa = PBXFileReference; lastKnownFileType = image.png; path = "Icon@2x.png"; sourceTree = "<group>"; };
/* End PBXFileReference section */

/* Begin PBXFrameworksBuildPhase section */
		2C1103FE1352196600477403 /* Frameworks */ = {
			isa = PBXFrameworksBuildPhase;
			buildActionMask = 2147483647;
			files = (
				2C1104061352196600477403 /* UIKit.framework in Frameworks */,
				2C1104081352196600477403 /* Foundation.framework in Frameworks */,
				2C11040A1352196600477403 /* CoreGraphics.framework in Frameworks */,
			);
			runOnlyForDeploymentPostprocessing = 0;
		};
/* End PBXFrameworksBuildPhase section */

/* Begin PBXGroup section */
		2C1103F61352196600477403 = {
			isa = PBXGroup;
			children = (
				2C11040B1352196600477403 /* ImageGallery */,
				2C1104041352196600477403 /* Frameworks */,
				2C1104021352196600477403 /* Products */,
			);
			sourceTree = "<group>";
		};
		2C1104021352196600477403 /* Products */ = {
			isa = PBXGroup;
			children = (
				2C1104011352196600477403 /* ImageGallery.app */,
			);
			name = Products;
			sourceTree = "<group>";
		};
		2C1104041352196600477403 /* Frameworks */ = {
			isa = PBXGroup;
			children = (
				2C1104051352196600477403 /* UIKit.framework */,
				2C1104071352196600477403 /* Foundation.framework */,
				2C1104091352196600477403 /* CoreGraphics.framework */,
			);
			name = Frameworks;
			sourceTree = "<group>";
		};
		2C11040B1352196600477403 /* ImageGallery */ = {
			isa = PBXGroup;
			children = (
				2C110425135219B400477403 /* Images */,
				2C1104141352196600477403 /* ImageGalleryAppDelegate.h */,
				2C1104151352196600477403 /* ImageGalleryAppDelegate.m */,
				2C1104171352196600477403 /* MainWindow.xib */,
				2C11041A1352196600477403 /* ImageGalleryViewController.h */,
				2C11041B1352196600477403 /* ImageGalleryViewController.m */,
				2C11041D1352196600477403 /* ImageGalleryViewController.xib */,
				2C11040C1352196600477403 /* Supporting Files */,
			);
			path = ImageGallery;
			sourceTree = "<group>";
		};
		2C11040C1352196600477403 /* Supporting Files */ = {
			isa = PBXGroup;
			children = (
				2C110438135219BF00477403 /* Default.png */,
				2C110439135219BF00477403 /* Icon.png */,
				2C11043A135219BF00477403 /* Icon@2x.png */,
				2C11040D1352196600477403 /* ImageGallery-Info.plist */,
				2C11040E1352196600477403 /* InfoPlist.strings */,
				2C1104111352196600477403 /* ImageGallery-Prefix.pch */,
				2C1104121352196600477403 /* main.m */,
			);
			name = "Supporting Files";
			sourceTree = "<group>";
		};
		2C110425135219B400477403 /* Images */ = {
			isa = PBXGroup;
			children = (
				2C110426135219B400477403 /* image0.jpg */,
				2C110427135219B400477403 /* image1.jpg */,
				2C110428135219B400477403 /* image2.jpg */,
				2C110429135219B400477403 /* image3.jpg */,
				2C11042A135219B400477403 /* image4.jpg */,
				2C11042B135219B400477403 /* left_1.png */,
				2C11042C135219B400477403 /* left_2.png */,
				2C11042D135219B400477403 /* right_1.png */,
				2C11042E135219B400477403 /* right_2.png */,
			);
			path = Images;
			sourceTree = "<group>";
		};
/* End PBXGroup section */

/* Begin PBXNativeTarget section */
		2C1104001352196600477403 /* ImageGallery */ = {
			isa = PBXNativeTarget;
			buildConfigurationList = 2C1104221352196600477403 /* Build configuration list for PBXNativeTarget "ImageGallery" */;
			buildPhases = (
				2C1103FD1352196600477403 /* Sources */,
				2C1103FE1352196600477403 /* Frameworks */,
				2C1103FF1352196600477403 /* Resources */,
			);
			buildRules = (
			);
			dependencies = (
			);
			name = ImageGallery;
			productName = ImageGallery;
			productReference = 2C1104011352196600477403 /* ImageGallery.app */;
			productType = "com.apple.product-type.application";
		};
/* End PBXNativeTarget section */

/* Begin PBXProject section */
		2C1103F81352196600477403 /* Project object */ = {
			isa = PBXProject;
			buildConfigurationList = 2C1103FB1352196600477403 /* Build configuration list for PBXProject "ImageGallery" */;
			compatibilityVersion = "Xcode 3.2";
			developmentRegion = English;
			hasScannedForEncodings = 0;
			knownRegions = (
				en,
			);
			mainGroup = 2C1103F61352196600477403;
			productRefGroup = 2C1104021352196600477403 /* Products */;
			projectDirPath = "";
			projectRoot = "";
			targets = (
				2C1104001352196600477403 /* ImageGallery */,
			);
		};
/* End PBXProject section */

/* Begin PBXResourcesBuildPhase section */
		2C1103FF1352196600477403 /* Resources */ = {
			isa = PBXResourcesBuildPhase;
			buildActionMask = 2147483647;
			files = (
				2C1104101352196600477403 /* InfoPlist.strings in Resources */,
				2C1104191352196600477403 /* MainWindow.xib in Resources */,
				2C11041F1352196600477403 /* ImageGalleryViewController.xib in Resources */,
				2C11042F135219B400477403 /* image0.jpg in Resources */,
				2C110430135219B400477403 /* image1.jpg in Resources */,
				2C110431135219B400477403 /* image2.jpg in Resources */,
				2C110432135219B400477403 /* image3.jpg in Resources */,
				2C110433135219B400477403 /* image4.jpg in Resources */,
				2C110434135219B400477403 /* left_1.png in Resources */,
				2C110435135219B400477403 /* left_2.png in Resources */,
				2C110436135219B400477403 /* right_1.png in Resources */,
				2C110437135219B400477403 /* right_2.png in Resources */,
				2C11043B135219BF00477403 /* Default.png in Resources */,
				2C11043C135219BF00477403 /* Icon.png in Resources */,
				2C11043D135219BF00477403 /* Icon@2x.png in Resources */,
			);
			runOnlyForDeploymentPostprocessing = 0;
		};
/* End PBXResourcesBuildPhase section */

/* Begin PBXSourcesBuildPhase section */
		2C1103FD1352196600477403 /* Sources */ = {
			isa = PBXSourcesBuildPhase;
			buildActionMask = 2147483647;
			files = (
				2C1104131352196600477403 /* main.m in Sources */,
				2C1104161352196600477403 /* ImageGalleryAppDelegate.m in Sources */,
				2C11041C1352196600477403 /* ImageGalleryViewController.m in Sources */,
			);
			runOnlyForDeploymentPostprocessing = 0;
		};
/* End PBXSourcesBuildPhase section */

/* Begin PBXVariantGroup section */
		2C11040E1352196600477403 /* InfoPlist.strings */ = {
			isa = PBXVariantGroup;
			children = (
				2C11040F1352196600477403 /* en */,
			);
			name = InfoPlist.strings;
			sourceTree = "<group>";
		};
		2C1104171352196600477403 /* MainWindow.xib */ = {
			isa = PBXVariantGroup;
			children = (
				2C1104181352196600477403 /* en */,
			);
			name = MainWindow.xib;
			sourceTree = "<group>";
		};
		2C11041D1352196600477403 /* ImageGalleryViewController.xib */ = {
			isa = PBXVariantGroup;
			children = (
				2C11041E1352196600477403 /* en */,
			);
			name = ImageGalleryViewController.xib;
			sourceTree = "<group>";
		};
/* End PBXVariantGroup section */

/* Begin XCBuildConfiguration section */
		2C1104201352196600477403 /* Debug */ = {
			isa = XCBuildConfiguration;
			buildSettings = {
				ARCHS = "$(ARCHS_STANDARD_32_BIT)";
				"CODE_SIGN_IDENTITY[sdk=iphoneos*]" = "iPhone Developer";
				GCC_C_LANGUAGE_STANDARD = gnu99;
				GCC_OPTIMIZATION_LEVEL = 0;
				GCC_PREPROCESSOR_DEFINITIONS = DEBUG;
				GCC_SYMBOLS_PRIVATE_EXTERN = NO;
				GCC_VERSION = com.apple.compilers.llvmgcc42;
				GCC_WARN_ABOUT_RETURN_TYPE = YES;
				GCC_WARN_UNUSED_VARIABLE = YES;
				IPHONEOS_DEPLOYMENT_TARGET = 4.3;
				SDKROOT = iphoneos;
			};
			name = Debug;
		};
		2C1104211352196600477403 /* Release */ = {
			isa = XCBuildConfiguration;
			buildSettings = {
				ARCHS = "$(ARCHS_STANDARD_32_BIT)";
				"CODE_SIGN_IDENTITY[sdk=iphoneos*]" = "iPhone Developer";
				GCC_C_LANGUAGE_STANDARD = gnu99;
				GCC_VERSION = com.apple.compilers.llvmgcc42;
				GCC_WARN_ABOUT_RETURN_TYPE = YES;
				GCC_WARN_UNUSED_VARIABLE = YES;
				IPHONEOS_DEPLOYMENT_TARGET = 4.3;
				OTHER_CFLAGS = "-DNS_BLOCK_ASSERTIONS=1";
				SDKROOT = iphoneos;
			};
			name = Release;
		};
		2C1104231352196600477403 /* Debug */ = {
			isa = XCBuildConfiguration;
			buildSettings = {
				ALWAYS_SEARCH_USER_PATHS = NO;
				COPY_PHASE_STRIP = NO;
				GCC_DYNAMIC_NO_PIC = NO;
				GCC_PRECOMPILE_PREFIX_HEADER = YES;
				GCC_PREFIX_HEADER = "ImageGallery/ImageGallery-Prefix.pch";
				INFOPLIST_FILE = "ImageGallery/ImageGallery-Info.plist";
				PRODUCT_NAME = "$(TARGET_NAME)";
				WRAPPER_EXTENSION = app;
			};
			name = Debug;
		};
		2C1104241352196600477403 /* Release */ = {
			isa = XCBuildConfiguration;
			buildSettings = {
				ALWAYS_SEARCH_USER_PATHS = NO;
				COPY_PHASE_STRIP = YES;
				GCC_PRECOMPILE_PREFIX_HEADER = YES;
				GCC_PREFIX_HEADER = "ImageGallery/ImageGallery-Prefix.pch";
				INFOPLIST_FILE = "ImageGallery/ImageGallery-Info.plist";
				PRODUCT_NAME = "$(TARGET_NAME)";
				VALIDATE_PRODUCT = YES;
				WRAPPER_EXTENSION = app;
			};
			name = Release;
		};
/* End XCBuildConfiguration section */

/* Begin XCConfigurationList section */
		2C1103FB1352196600477403 /* Build configuration list for PBXProject "ImageGallery" */ = {
			isa = XCConfigurationList;
			buildConfigurations = (
				2C1104201352196600477403 /* Debug */,
				2C1104211352196600477403 /* Release */,
			);
			defaultConfigurationIsVisible = 0;
			defaultConfigurationName = Release;
		};
		2C1104221352196600477403 /* Build configuration list for PBXNativeTarget "ImageGallery" */ = {
			isa = XCConfigurationList;
			buildConfigurations = (
				2C1104231352196600477403 /* Debug */,
				2C1104241352196600477403 /* Release */,
			);
			defaultConfigurationIsVisible = 0;
		};
/* End XCConfigurationList section */
	};
	rootObject = 2C1103F81352196600477403 /* Project object */;
}
