// !$*UTF8*$!
{
	archiveVersion = 1;
	classes = {
	};
	objectVersion = 46;
	objects = {

/* Begin PBXBuildFile section */
		2C325DFA19A74355007757D8 /* AppDelegate.swift in Sources */ = {isa = PBXBuildFile; fileRef = 2C325DF919A74355007757D8 /* AppDelegate.swift */; };
		2C325DFC19A74355007757D8 /* ViewController.swift in Sources */ = {isa = PBXBuildFile; fileRef = 2C325DFB19A74355007757D8 /* ViewController.swift */; };
		2C325DFF19A74355007757D8 /* Main.storyboard in Resources */ = {isa = PBXBuildFile; fileRef = 2C325DFD19A74355007757D8 /* Main.storyboard */; };
		2C325E0119A74355007757D8 /* Images.xcassets in Resources */ = {isa = PBXBuildFile; fileRef = 2C325E0019A74355007757D8 /* Images.xcassets */; };
		2C325E0D19A74355007757D8 /* NumberUpAndDownTests.swift in Sources */ = {isa = PBXBuildFile; fileRef = 2C325E0C19A74355007757D8 /* NumberUpAndDownTests.swift */; };
/* End PBXBuildFile section */

/* Begin PBXContainerItemProxy section */
		2C325E0719A74355007757D8 /* PBXContainerItemProxy */ = {
			isa = PBXContainerItemProxy;
			containerPortal = 2C325DEC19A74355007757D8 /* Project object */;
			proxyType = 1;
			remoteGlobalIDString = 2C325DF319A74355007757D8;
			remoteInfo = NumberUpAndDown;
		};
/* End PBXContainerItemProxy section */

/* Begin PBXFileReference section */
		2C325DF419A74355007757D8 /* NumberUpAndDown.app */ = {isa = PBXFileReference; explicitFileType = wrapper.application; includeInIndex = 0; path = NumberUpAndDown.app; sourceTree = BUILT_PRODUCTS_DIR; };
		2C325DF819A74355007757D8 /* Info.plist */ = {isa = PBXFileReference; lastKnownFileType = text.plist.xml; path = Info.plist; sourceTree = "<group>"; };
		2C325DF919A74355007757D8 /* AppDelegate.swift */ = {isa = PBXFileReference; lastKnownFileType = sourcecode.swift; path = AppDelegate.swift; sourceTree = "<group>"; };
		2C325DFB19A74355007757D8 /* ViewController.swift */ = {isa = PBXFileReference; indentWidth = 2; lastKnownFileType = sourcecode.swift; path = ViewController.swift; sourceTree = "<group>"; tabWidth = 2; };
		2C325DFE19A74355007757D8 /* Base */ = {isa = PBXFileReference; lastKnownFileType = file.storyboard; name = Base; path = Base.lproj/Main.storyboard; sourceTree = "<group>"; };
		2C325E0019A74355007757D8 /* Images.xcassets */ = {isa = PBXFileReference; lastKnownFileType = folder.assetcatalog; path = Images.xcassets; sourceTree = "<group>"; };
		2C325E0619A74355007757D8 /* NumberUpAndDownTests.xctest */ = {isa = PBXFileReference; explicitFileType = wrapper.cfbundle; includeInIndex = 0; path = NumberUpAndDownTests.xctest; sourceTree = BUILT_PRODUCTS_DIR; };
		2C325E0B19A74355007757D8 /* Info.plist */ = {isa = PBXFileReference; lastKnownFileType = text.plist.xml; path = Info.plist; sourceTree = "<group>"; };
		2C325E0C19A74355007757D8 /* NumberUpAndDownTests.swift */ = {isa = PBXFileReference; lastKnownFileType = sourcecode.swift; path = NumberUpAndDownTests.swift; sourceTree = "<group>"; };
/* End PBXFileReference section */

/* Begin PBXFrameworksBuildPhase section */
		2C325DF119A74355007757D8 /* Frameworks */ = {
			isa = PBXFrameworksBuildPhase;
			buildActionMask = 2147483647;
			files = (
			);
			runOnlyForDeploymentPostprocessing = 0;
		};
		2C325E0319A74355007757D8 /* Frameworks */ = {
			isa = PBXFrameworksBuildPhase;
			buildActionMask = 2147483647;
			files = (
			);
			runOnlyForDeploymentPostprocessing = 0;
		};
/* End PBXFrameworksBuildPhase section */

/* Begin PBXGroup section */
		2C325DEB19A74355007757D8 = {
			isa = PBXGroup;
			children = (
				2C325DF619A74355007757D8 /* NumberUpAndDown */,
				2C325E0919A74355007757D8 /* NumberUpAndDownTests */,
				2C325DF519A74355007757D8 /* Products */,
			);
			sourceTree = "<group>";
		};
		2C325DF519A74355007757D8 /* Products */ = {
			isa = PBXGroup;
			children = (
				2C325DF419A74355007757D8 /* NumberUpAndDown.app */,
				2C325E0619A74355007757D8 /* NumberUpAndDownTests.xctest */,
			);
			name = Products;
			sourceTree = "<group>";
		};
		2C325DF619A74355007757D8 /* NumberUpAndDown */ = {
			isa = PBXGroup;
			children = (
				2C325DF919A74355007757D8 /* AppDelegate.swift */,
				2C325DFB19A74355007757D8 /* ViewController.swift */,
				2C325DFD19A74355007757D8 /* Main.storyboard */,
				2C325E0019A74355007757D8 /* Images.xcassets */,
				2C325DF719A74355007757D8 /* Supporting Files */,
			);
			path = NumberUpAndDown;
			sourceTree = "<group>";
		};
		2C325DF719A74355007757D8 /* Supporting Files */ = {
			isa = PBXGroup;
			children = (
				2C325DF819A74355007757D8 /* Info.plist */,
			);
			name = "Supporting Files";
			sourceTree = "<group>";
		};
		2C325E0919A74355007757D8 /* NumberUpAndDownTests */ = {
			isa = PBXGroup;
			children = (
				2C325E0C19A74355007757D8 /* NumberUpAndDownTests.swift */,
				2C325E0A19A74355007757D8 /* Supporting Files */,
			);
			path = NumberUpAndDownTests;
			sourceTree = "<group>";
		};
		2C325E0A19A74355007757D8 /* Supporting Files */ = {
			isa = PBXGroup;
			children = (
				2C325E0B19A74355007757D8 /* Info.plist */,
			);
			name = "Supporting Files";
			sourceTree = "<group>";
		};
/* End PBXGroup section */

/* Begin PBXNativeTarget section */
		2C325DF319A74355007757D8 /* NumberUpAndDown */ = {
			isa = PBXNativeTarget;
			buildConfigurationList = 2C325E1019A74355007757D8 /* Build configuration list for PBXNativeTarget "NumberUpAndDown" */;
			buildPhases = (
				2C325DF019A74355007757D8 /* Sources */,
				2C325DF119A74355007757D8 /* Frameworks */,
				2C325DF219A74355007757D8 /* Resources */,
			);
			buildRules = (
			);
			dependencies = (
			);
			name = NumberUpAndDown;
			productName = NumberUpAndDown;
			productReference = 2C325DF419A74355007757D8 /* NumberUpAndDown.app */;
			productType = "com.apple.product-type.application";
		};
		2C325E0519A74355007757D8 /* NumberUpAndDownTests */ = {
			isa = PBXNativeTarget;
			buildConfigurationList = 2C325E1319A74355007757D8 /* Build configuration list for PBXNativeTarget "NumberUpAndDownTests" */;
			buildPhases = (
				2C325E0219A74355007757D8 /* Sources */,
				2C325E0319A74355007757D8 /* Frameworks */,
				2C325E0419A74355007757D8 /* Resources */,
			);
			buildRules = (
			);
			dependencies = (
				2C325E0819A74355007757D8 /* PBXTargetDependency */,
			);
			name = NumberUpAndDownTests;
			productName = NumberUpAndDownTests;
			productReference = 2C325E0619A74355007757D8 /* NumberUpAndDownTests.xctest */;
			productType = "com.apple.product-type.bundle.unit-test";
		};
/* End PBXNativeTarget section */

/* Begin PBXProject section */
		2C325DEC19A74355007757D8 /* Project object */ = {
			isa = PBXProject;
			attributes = {
				LastSwiftUpdateCheck = 0700;
				LastUpgradeCheck = 0700;
				ORGANIZATIONNAME = VanillaStep;
				TargetAttributes = {
					2C325DF319A74355007757D8 = {
						CreatedOnToolsVersion = 6.0;
					};
					2C325E0519A74355007757D8 = {
						CreatedOnToolsVersion = 6.0;
						TestTargetID = 2C325DF319A74355007757D8;
					};
				};
			};
			buildConfigurationList = 2C325DEF19A74355007757D8 /* Build configuration list for PBXProject "NumberUpAndDown" */;
			compatibilityVersion = "Xcode 3.2";
			developmentRegion = English;
			hasScannedForEncodings = 0;
			knownRegions = (
				en,
				Base,
			);
			mainGroup = 2C325DEB19A74355007757D8;
			productRefGroup = 2C325DF519A74355007757D8 /* Products */;
			projectDirPath = "";
			projectRoot = "";
			targets = (
				2C325DF319A74355007757D8 /* NumberUpAndDown */,
				2C325E0519A74355007757D8 /* NumberUpAndDownTests */,
			);
		};
/* End PBXProject section */

/* Begin PBXResourcesBuildPhase section */
		2C325DF219A74355007757D8 /* Resources */ = {
			isa = PBXResourcesBuildPhase;
			buildActionMask = 2147483647;
			files = (
				2C325DFF19A74355007757D8 /* Main.storyboard in Resources */,
				2C325E0119A74355007757D8 /* Images.xcassets in Resources */,
			);
			runOnlyForDeploymentPostprocessing = 0;
		};
		2C325E0419A74355007757D8 /* Resources */ = {
			isa = PBXResourcesBuildPhase;
			buildActionMask = 2147483647;
			files = (
			);
			runOnlyForDeploymentPostprocessing = 0;
		};
/* End PBXResourcesBuildPhase section */

/* Begin PBXSourcesBuildPhase section */
		2C325DF019A74355007757D8 /* Sources */ = {
			isa = PBXSourcesBuildPhase;
			buildActionMask = 2147483647;
			files = (
				2C325DFC19A74355007757D8 /* ViewController.swift in Sources */,
				2C325DFA19A74355007757D8 /* AppDelegate.swift in Sources */,
			);
			runOnlyForDeploymentPostprocessing = 0;
		};
		2C325E0219A74355007757D8 /* Sources */ = {
			isa = PBXSourcesBuildPhase;
			buildActionMask = 2147483647;
			files = (
				2C325E0D19A74355007757D8 /* NumberUpAndDownTests.swift in Sources */,
			);
			runOnlyForDeploymentPostprocessing = 0;
		};
/* End PBXSourcesBuildPhase section */

/* Begin PBXTargetDependency section */
		2C325E0819A74355007757D8 /* PBXTargetDependency */ = {
			isa = PBXTargetDependency;
			target = 2C325DF319A74355007757D8 /* NumberUpAndDown */;
			targetProxy = 2C325E0719A74355007757D8 /* PBXContainerItemProxy */;
		};
/* End PBXTargetDependency section */

/* Begin PBXVariantGroup section */
		2C325DFD19A74355007757D8 /* Main.storyboard */ = {
			isa = PBXVariantGroup;
			children = (
				2C325DFE19A74355007757D8 /* Base */,
			);
			name = Main.storyboard;
			sourceTree = "<group>";
		};
/* End PBXVariantGroup section */

/* Begin XCBuildConfiguration section */
		2C325E0E19A74355007757D8 /* Debug */ = {
			isa = XCBuildConfiguration;
			buildSettings = {
				ALWAYS_SEARCH_USER_PATHS = NO;
				CLANG_CXX_LANGUAGE_STANDARD = "gnu++0x";
				CLANG_CXX_LIBRARY = "libc++";
				CLANG_ENABLE_MODULES = YES;
				CLANG_ENABLE_OBJC_ARC = YES;
				CLANG_WARN_BOOL_CONVERSION = YES;
				CLANG_WARN_CONSTANT_CONVERSION = YES;
				CLANG_WARN_DIRECT_OBJC_ISA_USAGE = YES_ERROR;
				CLANG_WARN_EMPTY_BODY = YES;
				CLANG_WARN_ENUM_CONVERSION = YES;
				CLANG_WARN_INT_CONVERSION = YES;
				CLANG_WARN_OBJC_ROOT_CLASS = YES_ERROR;
				CLANG_WARN_UNREACHABLE_CODE = YES;
				CLANG_WARN__DUPLICATE_METHOD_MATCH = YES;
				"CODE_SIGN_IDENTITY[sdk=iphoneos*]" = "iPhone Developer";
				COPY_PHASE_STRIP = NO;
				ENABLE_STRICT_OBJC_MSGSEND = YES;
				ENABLE_TESTABILITY = YES;
				GCC_C_LANGUAGE_STANDARD = gnu99;
				GCC_DYNAMIC_NO_PIC = NO;
				GCC_OPTIMIZATION_LEVEL = 0;
				GCC_PREPROCESSOR_DEFINITIONS = (
					"DEBUG=1",
					"$(inherited)",
				);
				GCC_SYMBOLS_PRIVATE_EXTERN = NO;
				GCC_WARN_64_TO_32_BIT_CONVERSION = YES;
				GCC_WARN_ABOUT_RETURN_TYPE = YES_ERROR;
				GCC_WARN_UNDECLARED_SELECTOR = YES;
				GCC_WARN_UNINITIALIZED_AUTOS = YES_AGGRESSIVE;
				GCC_WARN_UNUSED_FUNCTION = YES;
				GCC_WARN_UNUSED_VARIABLE = YES;
				IPHONEOS_DEPLOYMENT_TARGET = 8.0;
				MTL_ENABLE_DEBUG_INFO = YES;
				ONLY_ACTIVE_ARCH = YES;
				SDKROOT = iphoneos;
				SWIFT_OPTIMIZATION_LEVEL = "-Onone";
			};
			name = Debug;
		};
		2C325E0F19A74355007757D8 /* Release */ = {
			isa = XCBuildConfiguration;
			buildSettings = {
				ALWAYS_SEARCH_USER_PATHS = NO;
				CLANG_CXX_LANGUAGE_STANDARD = "gnu++0x";
				CLANG_CXX_LIBRARY = "libc++";
				CLANG_ENABLE_MODULES = YES;
				CLANG_ENABLE_OBJC_ARC = YES;
				CLANG_WARN_BOOL_CONVERSION = YES;
				CLANG_WARN_CONSTANT_CONVERSION = YES;
				CLANG_WARN_DIRECT_OBJC_ISA_USAGE = YES_ERROR;
				CLANG_WARN_EMPTY_BODY = YES;
				CLANG_WARN_ENUM_CONVERSION = YES;
				CLANG_WARN_INT_CONVERSION = YES;
				CLANG_WARN_OBJC_ROOT_CLASS = YES_ERROR;
				CLANG_WARN_UNREACHABLE_CODE = YES;
				CLANG_WARN__DUPLICATE_METHOD_MATCH = YES;
				"CODE_SIGN_IDENTITY[sdk=iphoneos*]" = "iPhone Developer";
				COPY_PHASE_STRIP = YES;
				ENABLE_NS_ASSERTIONS = NO;
				ENABLE_STRICT_OBJC_MSGSEND = YES;
				GCC_C_LANGUAGE_STANDARD = gnu99;
				GCC_WARN_64_TO_32_BIT_CONVERSION = YES;
				GCC_WARN_ABOUT_RETURN_TYPE = YES_ERROR;
				GCC_WARN_UNDECLARED_SELECTOR = YES;
				GCC_WARN_UNINITIALIZED_AUTOS = YES_AGGRESSIVE;
				GCC_WARN_UNUSED_FUNCTION = YES;
				GCC_WARN_UNUSED_VARIABLE = YES;
				IPHONEOS_DEPLOYMENT_TARGET = 8.0;
				MTL_ENABLE_DEBUG_INFO = NO;
				SDKROOT = iphoneos;
				VALIDATE_PRODUCT = YES;
			};
			name = Release;
		};
		2C325E1119A74355007757D8 /* Debug */ = {
			isa = XCBuildConfiguration;
			buildSettings = {
				ASSETCATALOG_COMPILER_APPICON_NAME = AppIcon;
				ASSETCATALOG_COMPILER_LAUNCHIMAGE_NAME = LaunchImage;
				INFOPLIST_FILE = NumberUpAndDown/Info.plist;
				LD_RUNPATH_SEARCH_PATHS = "$(inherited) @executable_path/Frameworks";
				PRODUCT_BUNDLE_IDENTIFIER = "com.vanillastep.ios8.$(PRODUCT_NAME:rfc1034identifier)";
				PRODUCT_NAME = "$(TARGET_NAME)";
			};
			name = Debug;
		};
		2C325E1219A74355007757D8 /* Release */ = {
			isa = XCBuildConfiguration;
			buildSettings = {
				ASSETCATALOG_COMPILER_APPICON_NAME = AppIcon;
				ASSETCATALOG_COMPILER_LAUNCHIMAGE_NAME = LaunchImage;
				INFOPLIST_FILE = NumberUpAndDown/Info.plist;
				LD_RUNPATH_SEARCH_PATHS = "$(inherited) @executable_path/Frameworks";
				PRODUCT_BUNDLE_IDENTIFIER = "com.vanillastep.ios8.$(PRODUCT_NAME:rfc1034identifier)";
				PRODUCT_NAME = "$(TARGET_NAME)";
			};
			name = Release;
		};
		2C325E1419A74355007757D8 /* Debug */ = {
			isa = XCBuildConfiguration;
			buildSettings = {
				BUNDLE_LOADER = "$(TEST_HOST)";
				FRAMEWORK_SEARCH_PATHS = (
					"$(SDKROOT)/Developer/Library/Frameworks",
					"$(inherited)",
				);
				GCC_PREPROCESSOR_DEFINITIONS = (
					"DEBUG=1",
					"$(inherited)",
				);
				INFOPLIST_FILE = NumberUpAndDownTests/Info.plist;
				LD_RUNPATH_SEARCH_PATHS = "$(inherited) @executable_path/Frameworks @loader_path/Frameworks";
				PRODUCT_BUNDLE_IDENTIFIER = "com.vanillastep.ios8.$(PRODUCT_NAME:rfc1034identifier)";
				PRODUCT_NAME = "$(TARGET_NAME)";
				TEST_HOST = "$(BUILT_PRODUCTS_DIR)/NumberUpAndDown.app/NumberUpAndDown";
			};
			name = Debug;
		};
		2C325E1519A74355007757D8 /* Release */ = {
			isa = XCBuildConfiguration;
			buildSettings = {
				BUNDLE_LOADER = "$(TEST_HOST)";
				FRAMEWORK_SEARCH_PATHS = (
					"$(SDKROOT)/Developer/Library/Frameworks",
					"$(inherited)",
				);
				INFOPLIST_FILE = NumberUpAndDownTests/Info.plist;
				LD_RUNPATH_SEARCH_PATHS = "$(inherited) @executable_path/Frameworks @loader_path/Frameworks";
				PRODUCT_BUNDLE_IDENTIFIER = "com.vanillastep.ios8.$(PRODUCT_NAME:rfc1034identifier)";
				PRODUCT_NAME = "$(TARGET_NAME)";
				TEST_HOST = "$(BUILT_PRODUCTS_DIR)/NumberUpAndDown.app/NumberUpAndDown";
			};
			name = Release;
		};
/* End XCBuildConfiguration section */

/* Begin XCConfigurationList section */
		2C325DEF19A74355007757D8 /* Build configuration list for PBXProject "NumberUpAndDown" */ = {
			isa = XCConfigurationList;
			buildConfigurations = (
				2C325E0E19A74355007757D8 /* Debug */,
				2C325E0F19A74355007757D8 /* Release */,
			);
			defaultConfigurationIsVisible = 0;
			defaultConfigurationName = Release;
		};
		2C325E1019A74355007757D8 /* Build configuration list for PBXNativeTarget "NumberUpAndDown" */ = {
			isa = XCConfigurationList;
			buildConfigurations = (
				2C325E1119A74355007757D8 /* Debug */,
				2C325E1219A74355007757D8 /* Release */,
			);
			defaultConfigurationIsVisible = 0;
			defaultConfigurationName = Release;
		};
		2C325E1319A74355007757D8 /* Build configuration list for PBXNativeTarget "NumberUpAndDownTests" */ = {
			isa = XCConfigurationList;
			buildConfigurations = (
				2C325E1419A74355007757D8 /* Debug */,
				2C325E1519A74355007757D8 /* Release */,
			);
			defaultConfigurationIsVisible = 0;
			defaultConfigurationName = Release;
		};
/* End XCConfigurationList section */
	};
	rootObject = 2C325DEC19A74355007757D8 /* Project object */;
}
